// !$*UTF8*$!
{
	archiveVersion = 1;
	classes = {
	};
	objectVersion = 46;
	objects = {

/* Begin PBXBuildFile section */
		1F946D18C05FC66A679036A6 /* Pods_GameOfGames.framework in Frameworks */ = {isa = PBXBuildFile; fileRef = 4B80F4386EC94669A39ACCAB /* Pods_GameOfGames.framework */; };
		550497EF1D0F22060019F490 /* addButton.png in Resources */ = {isa = PBXBuildFile; fileRef = 550497EC1D0F22060019F490 /* addButton.png */; };
		550497F01D0F22060019F490 /* quickstartButton.png in Resources */ = {isa = PBXBuildFile; fileRef = 550497ED1D0F22060019F490 /* quickstartButton.png */; };
		550497F11D0F22060019F490 /* startButton.png in Resources */ = {isa = PBXBuildFile; fileRef = 550497EE1D0F22060019F490 /* startButton.png */; };
		550497F31D0F548A0019F490 /* shuffleButton.png in Resources */ = {isa = PBXBuildFile; fileRef = 550497F21D0F548A0019F490 /* shuffleButton.png */; };
		5508007F1D08A9A30022E984 /* cardsButton.png in Resources */ = {isa = PBXBuildFile; fileRef = 5508007B1D08A9A30022E984 /* cardsButton.png */; };
		550800801D08A9A30022E984 /* rulesButton.png in Resources */ = {isa = PBXBuildFile; fileRef = 5508007C1D08A9A30022E984 /* rulesButton.png */; };
		550800811D08A9A30022E984 /* playButton.png in Resources */ = {isa = PBXBuildFile; fileRef = 5508007D1D08A9A30022E984 /* playButton.png */; };
		550800831D08C1400022E984 /* logo.png in Resources */ = {isa = PBXBuildFile; fileRef = 550800821D08C1400022E984 /* logo.png */; };
		550800851D08C68E0022E984 /* UIHelper.swift in Sources */ = {isa = PBXBuildFile; fileRef = 550800841D08C68E0022E984 /* UIHelper.swift */; };
		5508008A1D08CFF30022E984 /* Lobster_1.3.otf in Resources */ = {isa = PBXBuildFile; fileRef = 550800881D08CFF30022E984 /* Lobster_1.3.otf */; };
		5508008B1D08CFF30022E984 /* SIL Open Font License.txt in Resources */ = {isa = PBXBuildFile; fileRef = 550800891D08CFF30022E984 /* SIL Open Font License.txt */; };
		550800921D0B81A40022E984 /* failButton.png in Resources */ = {isa = PBXBuildFile; fileRef = 5508008E1D0B81A40022E984 /* failButton.png */; };
		550800931D0B81A40022E984 /* skipButton.png in Resources */ = {isa = PBXBuildFile; fileRef = 5508008F1D0B81A40022E984 /* skipButton.png */; };
		550800941D0B81A40022E984 /* stealButton.png in Resources */ = {isa = PBXBuildFile; fileRef = 550800901D0B81A40022E984 /* stealButton.png */; };
		550800951D0B81A40022E984 /* wonButton.png in Resources */ = {isa = PBXBuildFile; fileRef = 550800911D0B81A40022E984 /* wonButton.png */; };
		550800A71D0BA24E0022E984 /* Body_14.png in Resources */ = {isa = PBXBuildFile; fileRef = 550800961D0BA24E0022E984 /* Body_14.png */; };
		550800A81D0BA24E0022E984 /* Body_15.png in Resources */ = {isa = PBXBuildFile; fileRef = 550800971D0BA24E0022E984 /* Body_15.png */; };
		550800A91D0BA24E0022E984 /* Chance_14.png in Resources */ = {isa = PBXBuildFile; fileRef = 550800981D0BA24E0022E984 /* Chance_14.png */; };
		550800AA1D0BA24E0022E984 /* Chance_15.png in Resources */ = {isa = PBXBuildFile; fileRef = 550800991D0BA24E0022E984 /* Chance_15.png */; };
		550800AB1D0BA24E0022E984 /* Chance_16.png in Resources */ = {isa = PBXBuildFile; fileRef = 5508009A1D0BA24E0022E984 /* Chance_16.png */; };
		550800AC1D0BA24E0022E984 /* Chance_17.png in Resources */ = {isa = PBXBuildFile; fileRef = 5508009B1D0BA24E0022E984 /* Chance_17.png */; };
		550800AD1D0BA24E0022E984 /* Chance_18.png in Resources */ = {isa = PBXBuildFile; fileRef = 5508009C1D0BA24E0022E984 /* Chance_18.png */; };
		550800AE1D0BA24E0022E984 /* Chance_19.png in Resources */ = {isa = PBXBuildFile; fileRef = 5508009D1D0BA24E0022E984 /* Chance_19.png */; };
		550800AF1D0BA24E0022E984 /* Chance_20.png in Resources */ = {isa = PBXBuildFile; fileRef = 5508009E1D0BA24E0022E984 /* Chance_20.png */; };
		550800B01D0BA24E0022E984 /* Mind_14.png in Resources */ = {isa = PBXBuildFile; fileRef = 5508009F1D0BA24E0022E984 /* Mind_14.png */; };
		550800B11D0BA24E0022E984 /* Mind_15.png in Resources */ = {isa = PBXBuildFile; fileRef = 550800A01D0BA24E0022E984 /* Mind_15.png */; };
		550800B21D0BA24E0022E984 /* Mind_16.png in Resources */ = {isa = PBXBuildFile; fileRef = 550800A11D0BA24E0022E984 /* Mind_16.png */; };
		550800B31D0BA24E0022E984 /* Mind_17.png in Resources */ = {isa = PBXBuildFile; fileRef = 550800A21D0BA24E0022E984 /* Mind_17.png */; };
		550800B41D0BA24E0022E984 /* Mind_18.png in Resources */ = {isa = PBXBuildFile; fileRef = 550800A31D0BA24E0022E984 /* Mind_18.png */; };
		550800B51D0BA24E0022E984 /* Soul_14.png in Resources */ = {isa = PBXBuildFile; fileRef = 550800A41D0BA24E0022E984 /* Soul_14.png */; };
		550800B61D0BA24E0022E984 /* Soul_15.png in Resources */ = {isa = PBXBuildFile; fileRef = 550800A51D0BA24E0022E984 /* Soul_15.png */; };
		550800B71D0BA24E0022E984 /* Soul_16.png in Resources */ = {isa = PBXBuildFile; fileRef = 550800A61D0BA24E0022E984 /* Soul_16.png */; };
		556F2A341D0BDD4400797FA5 /* backButton.png in Resources */ = {isa = PBXBuildFile; fileRef = 556F2A321D0BDD4400797FA5 /* backButton.png */; };
		556F2A351D0BDD4400797FA5 /* nextButton.png in Resources */ = {isa = PBXBuildFile; fileRef = 556F2A331D0BDD4400797FA5 /* nextButton.png */; };
		559ED9991D0607480040D36A /* WholeDeckViewController.swift in Sources */ = {isa = PBXBuildFile; fileRef = 559ED9981D0607480040D36A /* WholeDeckViewController.swift */; };
		559ED99D1D0609E80040D36A /* ImageCollectionViewCell.swift in Sources */ = {isa = PBXBuildFile; fileRef = 559ED99C1D0609E80040D36A /* ImageCollectionViewCell.swift */; };
		55B43CB61D01F942002CCE78 /* QuickStartRandomTeamsViewController.swift in Sources */ = {isa = PBXBuildFile; fileRef = 55B43CB51D01F942002CCE78 /* QuickStartRandomTeamsViewController.swift */; };
		55B43CBA1D020C6B002CCE78 /* HttpDownloader.swift in Sources */ = {isa = PBXBuildFile; fileRef = 55B43CB91D020C6B002CCE78 /* HttpDownloader.swift */; };
		55B43CBC1D0210FE002CCE78 /* CardInfoViewController.swift in Sources */ = {isa = PBXBuildFile; fileRef = 55B43CBB1D0210FE002CCE78 /* CardInfoViewController.swift */; };
		55B43CBE1D021C4F002CCE78 /* Game-of-Games-Cards-Default.csv in Resources */ = {isa = PBXBuildFile; fileRef = 55B43CBD1D021C4F002CCE78 /* Game-of-Games-Cards-Default.csv */; };
		55B43D5E1D022440002CCE78 /* Body_4.png in Resources */ = {isa = PBXBuildFile; fileRef = 55B43D2A1D022440002CCE78 /* Body_4.png */; };
		55B43D5F1D022440002CCE78 /* Soul_10.png in Resources */ = {isa = PBXBuildFile; fileRef = 55B43D2B1D022440002CCE78 /* Soul_10.png */; };
		55B43D601D022440002CCE78 /* Chance_13.png in Resources */ = {isa = PBXBuildFile; fileRef = 55B43D2C1D022440002CCE78 /* Chance_13.png */; };
		55B43D611D022440002CCE78 /* Chance_12.png in Resources */ = {isa = PBXBuildFile; fileRef = 55B43D2D1D022440002CCE78 /* Chance_12.png */; };
		55B43D621D022440002CCE78 /* Chance_11.png in Resources */ = {isa = PBXBuildFile; fileRef = 55B43D2E1D022440002CCE78 /* Chance_11.png */; };
		55B43D631D022440002CCE78 /* Chance_10.png in Resources */ = {isa = PBXBuildFile; fileRef = 55B43D2F1D022440002CCE78 /* Chance_10.png */; };
		55B43D641D022440002CCE78 /* Chance_9.png in Resources */ = {isa = PBXBuildFile; fileRef = 55B43D301D022440002CCE78 /* Chance_9.png */; };
		55B43D651D022440002CCE78 /* Chance_8.png in Resources */ = {isa = PBXBuildFile; fileRef = 55B43D311D022440002CCE78 /* Chance_8.png */; };
		55B43D661D022440002CCE78 /* Chance_7.png in Resources */ = {isa = PBXBuildFile; fileRef = 55B43D321D022440002CCE78 /* Chance_7.png */; };
		55B43D671D022440002CCE78 /* Chance_6.png in Resources */ = {isa = PBXBuildFile; fileRef = 55B43D331D022440002CCE78 /* Chance_6.png */; };
		55B43D681D022440002CCE78 /* Chance_5.png in Resources */ = {isa = PBXBuildFile; fileRef = 55B43D341D022440002CCE78 /* Chance_5.png */; };
		55B43D691D022440002CCE78 /* Chance_4.png in Resources */ = {isa = PBXBuildFile; fileRef = 55B43D351D022440002CCE78 /* Chance_4.png */; };
		55B43D6A1D022440002CCE78 /* Chance_3.png in Resources */ = {isa = PBXBuildFile; fileRef = 55B43D361D022440002CCE78 /* Chance_3.png */; };
		55B43D6B1D022440002CCE78 /* Chance_2.png in Resources */ = {isa = PBXBuildFile; fileRef = 55B43D371D022440002CCE78 /* Chance_2.png */; };
		55B43D6C1D022440002CCE78 /* Chance_1.png in Resources */ = {isa = PBXBuildFile; fileRef = 55B43D381D022440002CCE78 /* Chance_1.png */; };
		55B43D6D1D022440002CCE78 /* Soul_1.png in Resources */ = {isa = PBXBuildFile; fileRef = 55B43D391D022440002CCE78 /* Soul_1.png */; };
		55B43D6E1D022440002CCE78 /* Soul_13.png in Resources */ = {isa = PBXBuildFile; fileRef = 55B43D3A1D022440002CCE78 /* Soul_13.png */; };
		55B43D6F1D022440002CCE78 /* Soul_12.png in Resources */ = {isa = PBXBuildFile; fileRef = 55B43D3B1D022440002CCE78 /* Soul_12.png */; };
		55B43D701D022440002CCE78 /* Soul_11.png in Resources */ = {isa = PBXBuildFile; fileRef = 55B43D3C1D022440002CCE78 /* Soul_11.png */; };
		55B43D711D022440002CCE78 /* Soul_9.png in Resources */ = {isa = PBXBuildFile; fileRef = 55B43D3D1D022440002CCE78 /* Soul_9.png */; };
		55B43D721D022440002CCE78 /* Soul_8.png in Resources */ = {isa = PBXBuildFile; fileRef = 55B43D3E1D022440002CCE78 /* Soul_8.png */; };
		55B43D731D022440002CCE78 /* Soul_7.png in Resources */ = {isa = PBXBuildFile; fileRef = 55B43D3F1D022440002CCE78 /* Soul_7.png */; };
		55B43D741D022440002CCE78 /* Soul_6.png in Resources */ = {isa = PBXBuildFile; fileRef = 55B43D401D022440002CCE78 /* Soul_6.png */; };
		55B43D751D022440002CCE78 /* Soul_5.png in Resources */ = {isa = PBXBuildFile; fileRef = 55B43D411D022440002CCE78 /* Soul_5.png */; };
		55B43D761D022440002CCE78 /* Soul_4.png in Resources */ = {isa = PBXBuildFile; fileRef = 55B43D421D022440002CCE78 /* Soul_4.png */; };
		55B43D771D022440002CCE78 /* Soul_3.png in Resources */ = {isa = PBXBuildFile; fileRef = 55B43D431D022440002CCE78 /* Soul_3.png */; };
		55B43D781D022440002CCE78 /* Soul_2.png in Resources */ = {isa = PBXBuildFile; fileRef = 55B43D441D022440002CCE78 /* Soul_2.png */; };
		55B43D791D022440002CCE78 /* Body_13.png in Resources */ = {isa = PBXBuildFile; fileRef = 55B43D451D022440002CCE78 /* Body_13.png */; };
		55B43D7A1D022440002CCE78 /* Body_12.png in Resources */ = {isa = PBXBuildFile; fileRef = 55B43D461D022440002CCE78 /* Body_12.png */; };
		55B43D7B1D022440002CCE78 /* Body_11.png in Resources */ = {isa = PBXBuildFile; fileRef = 55B43D471D022440002CCE78 /* Body_11.png */; };
		55B43D7C1D022440002CCE78 /* Body_10.png in Resources */ = {isa = PBXBuildFile; fileRef = 55B43D481D022440002CCE78 /* Body_10.png */; };
		55B43D7D1D022440002CCE78 /* Body_9.png in Resources */ = {isa = PBXBuildFile; fileRef = 55B43D491D022440002CCE78 /* Body_9.png */; };
		55B43D7E1D022440002CCE78 /* Body_8.png in Resources */ = {isa = PBXBuildFile; fileRef = 55B43D4A1D022440002CCE78 /* Body_8.png */; };
		55B43D7F1D022440002CCE78 /* Body_7.png in Resources */ = {isa = PBXBuildFile; fileRef = 55B43D4B1D022440002CCE78 /* Body_7.png */; };
		55B43D801D022440002CCE78 /* Body_6.png in Resources */ = {isa = PBXBuildFile; fileRef = 55B43D4C1D022440002CCE78 /* Body_6.png */; };
		55B43D811D022440002CCE78 /* Body_5.png in Resources */ = {isa = PBXBuildFile; fileRef = 55B43D4D1D022440002CCE78 /* Body_5.png */; };
		55B43D821D022440002CCE78 /* Body_3.png in Resources */ = {isa = PBXBuildFile; fileRef = 55B43D4E1D022440002CCE78 /* Body_3.png */; };
		55B43D831D022440002CCE78 /* Body_2.png in Resources */ = {isa = PBXBuildFile; fileRef = 55B43D4F1D022440002CCE78 /* Body_2.png */; };
		55B43D841D022440002CCE78 /* Body_1.png in Resources */ = {isa = PBXBuildFile; fileRef = 55B43D501D022440002CCE78 /* Body_1.png */; };
		55B43D851D022440002CCE78 /* Mind_13.png in Resources */ = {isa = PBXBuildFile; fileRef = 55B43D511D022440002CCE78 /* Mind_13.png */; };
		55B43D861D022440002CCE78 /* Mind_12.png in Resources */ = {isa = PBXBuildFile; fileRef = 55B43D521D022440002CCE78 /* Mind_12.png */; };
		55B43D871D022440002CCE78 /* Mind_11.png in Resources */ = {isa = PBXBuildFile; fileRef = 55B43D531D022440002CCE78 /* Mind_11.png */; };
		55B43D881D022440002CCE78 /* Mind_10.png in Resources */ = {isa = PBXBuildFile; fileRef = 55B43D541D022440002CCE78 /* Mind_10.png */; };
		55B43D891D022440002CCE78 /* Mind_9.png in Resources */ = {isa = PBXBuildFile; fileRef = 55B43D551D022440002CCE78 /* Mind_9.png */; };
		55B43D8A1D022440002CCE78 /* Mind_8.png in Resources */ = {isa = PBXBuildFile; fileRef = 55B43D561D022440002CCE78 /* Mind_8.png */; };
		55B43D8B1D022440002CCE78 /* Mind_7.png in Resources */ = {isa = PBXBuildFile; fileRef = 55B43D571D022440002CCE78 /* Mind_7.png */; };
		55B43D8C1D022440002CCE78 /* Mind_6.png in Resources */ = {isa = PBXBuildFile; fileRef = 55B43D581D022440002CCE78 /* Mind_6.png */; };
		55B43D8D1D022440002CCE78 /* Mind_5.png in Resources */ = {isa = PBXBuildFile; fileRef = 55B43D591D022440002CCE78 /* Mind_5.png */; };
		55B43D8E1D022440002CCE78 /* Mind_4.png in Resources */ = {isa = PBXBuildFile; fileRef = 55B43D5A1D022440002CCE78 /* Mind_4.png */; };
		55B43D8F1D022440002CCE78 /* Mind_3.png in Resources */ = {isa = PBXBuildFile; fileRef = 55B43D5B1D022440002CCE78 /* Mind_3.png */; };
		55B43D901D022440002CCE78 /* Mind_2.png in Resources */ = {isa = PBXBuildFile; fileRef = 55B43D5C1D022440002CCE78 /* Mind_2.png */; };
		55B43D911D022440002CCE78 /* Mind_1.png in Resources */ = {isa = PBXBuildFile; fileRef = 55B43D5D1D022440002CCE78 /* Mind_1.png */; };
		55B8310D1D03669D00F19A63 /* ChooseTeamOrderViewController.swift in Sources */ = {isa = PBXBuildFile; fileRef = 55B8310C1D03669D00F19A63 /* ChooseTeamOrderViewController.swift */; };
		55D2E5FA1CFFBA2E004768FE /* RoundRouletteViewController.swift in Sources */ = {isa = PBXBuildFile; fileRef = 55D2E5F91CFFBA2D004768FE /* RoundRouletteViewController.swift */; };
		55D3FB061CFE0E30006C0A8E /* AppDelegate.swift in Sources */ = {isa = PBXBuildFile; fileRef = 55D3FB051CFE0E30006C0A8E /* AppDelegate.swift */; };
		55D3FB081CFE0E30006C0A8E /* NumberOfPlayersViewController.swift in Sources */ = {isa = PBXBuildFile; fileRef = 55D3FB071CFE0E30006C0A8E /* NumberOfPlayersViewController.swift */; };
		55D3FB0D1CFE0E30006C0A8E /* Main.storyboard in Resources */ = {isa = PBXBuildFile; fileRef = 55D3FB0B1CFE0E30006C0A8E /* Main.storyboard */; };
		55D3FB0F1CFE0E30006C0A8E /* Assets.xcassets in Resources */ = {isa = PBXBuildFile; fileRef = 55D3FB0E1CFE0E30006C0A8E /* Assets.xcassets */; };
		55D3FB121CFE0E30006C0A8E /* LaunchScreen.storyboard in Resources */ = {isa = PBXBuildFile; fileRef = 55D3FB101CFE0E30006C0A8E /* LaunchScreen.storyboard */; };
		55D3FB1D1CFE0E30006C0A8E /* GameOfGamesTests.swift in Sources */ = {isa = PBXBuildFile; fileRef = 55D3FB1C1CFE0E30006C0A8E /* GameOfGamesTests.swift */; };
		55D3FB281CFE0E30006C0A8E /* GameOfGamesUITests.swift in Sources */ = {isa = PBXBuildFile; fileRef = 55D3FB271CFE0E30006C0A8E /* GameOfGamesUITests.swift */; };
		55D3FB361CFE3D62006C0A8E /* Game.swift in Sources */ = {isa = PBXBuildFile; fileRef = 55D3FB351CFE3D62006C0A8E /* Game.swift */; };
		55D3FB381CFE4262006C0A8E /* Card.swift in Sources */ = {isa = PBXBuildFile; fileRef = 55D3FB371CFE4262006C0A8E /* Card.swift */; };
		55D3FB3A1CFE4284006C0A8E /* Deck.swift in Sources */ = {isa = PBXBuildFile; fileRef = 55D3FB391CFE4284006C0A8E /* Deck.swift */; };
		55D3FB3C1CFE4B57006C0A8E /* extensions.swift in Sources */ = {isa = PBXBuildFile; fileRef = 55D3FB3B1CFE4B57006C0A8E /* extensions.swift */; };
		55D3FB3E1CFE4D1C006C0A8E /* RandomizeTeamsViewController.swift in Sources */ = {isa = PBXBuildFile; fileRef = 55D3FB3D1CFE4D1C006C0A8E /* RandomizeTeamsViewController.swift */; };
		55D3FB401CFE54F5006C0A8E /* PlayGameViewController.swift in Sources */ = {isa = PBXBuildFile; fileRef = 55D3FB3F1CFE54F5006C0A8E /* PlayGameViewController.swift */; };
		55D3FB421CFE57E2006C0A8E /* DrawCardViewController.swift in Sources */ = {isa = PBXBuildFile; fileRef = 55D3FB411CFE57E2006C0A8E /* DrawCardViewController.swift */; };
		55D3FB441CFF384A006C0A8E /* NamePlayersViewController.swift in Sources */ = {isa = PBXBuildFile; fileRef = 55D3FB431CFF384A006C0A8E /* NamePlayersViewController.swift */; };
		55D3FB461CFF3DDB006C0A8E /* NameTeamsViewController.swift in Sources */ = {isa = PBXBuildFile; fileRef = 55D3FB451CFF3DDB006C0A8E /* NameTeamsViewController.swift */; };
		55D3FB481CFF4525006C0A8E /* PlayOlympicsViewController.swift in Sources */ = {isa = PBXBuildFile; fileRef = 55D3FB471CFF4525006C0A8E /* PlayOlympicsViewController.swift */; };
		55D3FB4A1CFF4C64006C0A8E /* StartScreenViewController.swift in Sources */ = {isa = PBXBuildFile; fileRef = 55D3FB491CFF4C64006C0A8E /* StartScreenViewController.swift */; };
		55D3FB501CFFA3CD006C0A8E /* CheckCardsViewController.swift in Sources */ = {isa = PBXBuildFile; fileRef = 55D3FB4F1CFFA3CD006C0A8E /* CheckCardsViewController.swift */; };
		55D7E0351D062581000D0B14 /* README.md in Sources */ = {isa = PBXBuildFile; fileRef = 55D7E0341D062581000D0B14 /* README.md */; };
		D00A5D9E40F578A1DE7B7E0E /* Pods_GameOfGamesTests.framework in Frameworks */ = {isa = PBXBuildFile; fileRef = D5B3666DF8B25173CC842181 /* Pods_GameOfGamesTests.framework */; };
		DAB706C55530418EE798427B /* Pods_GameOfGamesUITests.framework in Frameworks */ = {isa = PBXBuildFile; fileRef = 1748481E1481FB447209988A /* Pods_GameOfGamesUITests.framework */; };
/* End PBXBuildFile section */

/* Begin PBXContainerItemProxy section */
		55D3FB191CFE0E30006C0A8E /* PBXContainerItemProxy */ = {
			isa = PBXContainerItemProxy;
			containerPortal = 55D3FAFA1CFE0E30006C0A8E /* Project object */;
			proxyType = 1;
			remoteGlobalIDString = 55D3FB011CFE0E30006C0A8E;
			remoteInfo = GameOfGames;
		};
		55D3FB241CFE0E30006C0A8E /* PBXContainerItemProxy */ = {
			isa = PBXContainerItemProxy;
			containerPortal = 55D3FAFA1CFE0E30006C0A8E /* Project object */;
			proxyType = 1;
			remoteGlobalIDString = 55D3FB011CFE0E30006C0A8E;
			remoteInfo = GameOfGames;
		};
/* End PBXContainerItemProxy section */

/* Begin PBXFileReference section */
		1748481E1481FB447209988A /* Pods_GameOfGamesUITests.framework */ = {isa = PBXFileReference; explicitFileType = wrapper.framework; includeInIndex = 0; path = Pods_GameOfGamesUITests.framework; sourceTree = BUILT_PRODUCTS_DIR; };
		22CFCD7B1E0B9FDF190231CA /* Pods-GameOfGamesUITests.release.xcconfig */ = {isa = PBXFileReference; includeInIndex = 1; lastKnownFileType = text.xcconfig; name = "Pods-GameOfGamesUITests.release.xcconfig"; path = "Pods/Target Support Files/Pods-GameOfGamesUITests/Pods-GameOfGamesUITests.release.xcconfig"; sourceTree = "<group>"; };
		359A5726D33F5D1696397CBA /* Pods-GameOfGamesUITests.debug.xcconfig */ = {isa = PBXFileReference; includeInIndex = 1; lastKnownFileType = text.xcconfig; name = "Pods-GameOfGamesUITests.debug.xcconfig"; path = "Pods/Target Support Files/Pods-GameOfGamesUITests/Pods-GameOfGamesUITests.debug.xcconfig"; sourceTree = "<group>"; };
		4B80F4386EC94669A39ACCAB /* Pods_GameOfGames.framework */ = {isa = PBXFileReference; explicitFileType = wrapper.framework; includeInIndex = 0; path = Pods_GameOfGames.framework; sourceTree = BUILT_PRODUCTS_DIR; };
		550497EC1D0F22060019F490 /* addButton.png */ = {isa = PBXFileReference; lastKnownFileType = image.png; name = addButton.png; path = UIImages/addButton.png; sourceTree = "<group>"; };
		550497ED1D0F22060019F490 /* quickstartButton.png */ = {isa = PBXFileReference; lastKnownFileType = image.png; name = quickstartButton.png; path = UIImages/quickstartButton.png; sourceTree = "<group>"; };
		550497EE1D0F22060019F490 /* startButton.png */ = {isa = PBXFileReference; lastKnownFileType = image.png; name = startButton.png; path = UIImages/startButton.png; sourceTree = "<group>"; };
		550497F21D0F548A0019F490 /* shuffleButton.png */ = {isa = PBXFileReference; lastKnownFileType = image.png; name = shuffleButton.png; path = UIImages/shuffleButton.png; sourceTree = "<group>"; };
		5508007B1D08A9A30022E984 /* cardsButton.png */ = {isa = PBXFileReference; lastKnownFileType = image.png; name = cardsButton.png; path = UIImages/cardsButton.png; sourceTree = "<group>"; };
		5508007C1D08A9A30022E984 /* rulesButton.png */ = {isa = PBXFileReference; lastKnownFileType = image.png; name = rulesButton.png; path = UIImages/rulesButton.png; sourceTree = "<group>"; };
		5508007D1D08A9A30022E984 /* playButton.png */ = {isa = PBXFileReference; lastKnownFileType = image.png; name = playButton.png; path = UIImages/playButton.png; sourceTree = "<group>"; };
		550800821D08C1400022E984 /* logo.png */ = {isa = PBXFileReference; lastKnownFileType = image.png; name = logo.png; path = UIImages/logo.png; sourceTree = "<group>"; };
		550800841D08C68E0022E984 /* UIHelper.swift */ = {isa = PBXFileReference; fileEncoding = 4; lastKnownFileType = sourcecode.swift; path = UIHelper.swift; sourceTree = "<group>"; };
		550800881D08CFF30022E984 /* Lobster_1.3.otf */ = {isa = PBXFileReference; lastKnownFileType = file; name = Lobster_1.3.otf; path = Fonts/Lobster/Lobster_1.3.otf; sourceTree = "<group>"; };
		550800891D08CFF30022E984 /* SIL Open Font License.txt */ = {isa = PBXFileReference; fileEncoding = 4; lastKnownFileType = text; name = "SIL Open Font License.txt"; path = "Fonts/Lobster/SIL Open Font License.txt"; sourceTree = "<group>"; };
		5508008E1D0B81A40022E984 /* failButton.png */ = {isa = PBXFileReference; lastKnownFileType = image.png; name = failButton.png; path = UIImages/failButton.png; sourceTree = "<group>"; };
		5508008F1D0B81A40022E984 /* skipButton.png */ = {isa = PBXFileReference; lastKnownFileType = image.png; name = skipButton.png; path = UIImages/skipButton.png; sourceTree = "<group>"; };
		550800901D0B81A40022E984 /* stealButton.png */ = {isa = PBXFileReference; lastKnownFileType = image.png; name = stealButton.png; path = UIImages/stealButton.png; sourceTree = "<group>"; };
		550800911D0B81A40022E984 /* wonButton.png */ = {isa = PBXFileReference; lastKnownFileType = image.png; name = wonButton.png; path = UIImages/wonButton.png; sourceTree = "<group>"; };
		550800961D0BA24E0022E984 /* Body_14.png */ = {isa = PBXFileReference; lastKnownFileType = image.png; name = Body_14.png; path = CardImages/Body_14.png; sourceTree = "<group>"; };
		550800971D0BA24E0022E984 /* Body_15.png */ = {isa = PBXFileReference; lastKnownFileType = image.png; name = Body_15.png; path = CardImages/Body_15.png; sourceTree = "<group>"; };
		550800981D0BA24E0022E984 /* Chance_14.png */ = {isa = PBXFileReference; lastKnownFileType = image.png; name = Chance_14.png; path = CardImages/Chance_14.png; sourceTree = "<group>"; };
		550800991D0BA24E0022E984 /* Chance_15.png */ = {isa = PBXFileReference; lastKnownFileType = image.png; name = Chance_15.png; path = CardImages/Chance_15.png; sourceTree = "<group>"; };
		5508009A1D0BA24E0022E984 /* Chance_16.png */ = {isa = PBXFileReference; lastKnownFileType = image.png; name = Chance_16.png; path = CardImages/Chance_16.png; sourceTree = "<group>"; };
		5508009B1D0BA24E0022E984 /* Chance_17.png */ = {isa = PBXFileReference; lastKnownFileType = image.png; name = Chance_17.png; path = CardImages/Chance_17.png; sourceTree = "<group>"; };
		5508009C1D0BA24E0022E984 /* Chance_18.png */ = {isa = PBXFileReference; lastKnownFileType = image.png; name = Chance_18.png; path = CardImages/Chance_18.png; sourceTree = "<group>"; };
		5508009D1D0BA24E0022E984 /* Chance_19.png */ = {isa = PBXFileReference; lastKnownFileType = image.png; name = Chance_19.png; path = CardImages/Chance_19.png; sourceTree = "<group>"; };
		5508009E1D0BA24E0022E984 /* Chance_20.png */ = {isa = PBXFileReference; lastKnownFileType = image.png; name = Chance_20.png; path = CardImages/Chance_20.png; sourceTree = "<group>"; };
		5508009F1D0BA24E0022E984 /* Mind_14.png */ = {isa = PBXFileReference; lastKnownFileType = image.png; name = Mind_14.png; path = CardImages/Mind_14.png; sourceTree = "<group>"; };
		550800A01D0BA24E0022E984 /* Mind_15.png */ = {isa = PBXFileReference; lastKnownFileType = image.png; name = Mind_15.png; path = CardImages/Mind_15.png; sourceTree = "<group>"; };
		550800A11D0BA24E0022E984 /* Mind_16.png */ = {isa = PBXFileReference; lastKnownFileType = image.png; name = Mind_16.png; path = CardImages/Mind_16.png; sourceTree = "<group>"; };
		550800A21D0BA24E0022E984 /* Mind_17.png */ = {isa = PBXFileReference; lastKnownFileType = image.png; name = Mind_17.png; path = CardImages/Mind_17.png; sourceTree = "<group>"; };
		550800A31D0BA24E0022E984 /* Mind_18.png */ = {isa = PBXFileReference; lastKnownFileType = image.png; name = Mind_18.png; path = CardImages/Mind_18.png; sourceTree = "<group>"; };
		550800A41D0BA24E0022E984 /* Soul_14.png */ = {isa = PBXFileReference; lastKnownFileType = image.png; name = Soul_14.png; path = CardImages/Soul_14.png; sourceTree = "<group>"; };
		550800A51D0BA24E0022E984 /* Soul_15.png */ = {isa = PBXFileReference; lastKnownFileType = image.png; name = Soul_15.png; path = CardImages/Soul_15.png; sourceTree = "<group>"; };
		550800A61D0BA24E0022E984 /* Soul_16.png */ = {isa = PBXFileReference; lastKnownFileType = image.png; name = Soul_16.png; path = CardImages/Soul_16.png; sourceTree = "<group>"; };
		556F2A321D0BDD4400797FA5 /* backButton.png */ = {isa = PBXFileReference; lastKnownFileType = image.png; name = backButton.png; path = UIImages/backButton.png; sourceTree = "<group>"; };
		556F2A331D0BDD4400797FA5 /* nextButton.png */ = {isa = PBXFileReference; lastKnownFileType = image.png; name = nextButton.png; path = UIImages/nextButton.png; sourceTree = "<group>"; };
		559ED9981D0607480040D36A /* WholeDeckViewController.swift */ = {isa = PBXFileReference; fileEncoding = 4; lastKnownFileType = sourcecode.swift; path = WholeDeckViewController.swift; sourceTree = "<group>"; };
		559ED99C1D0609E80040D36A /* ImageCollectionViewCell.swift */ = {isa = PBXFileReference; fileEncoding = 4; lastKnownFileType = sourcecode.swift; path = ImageCollectionViewCell.swift; sourceTree = "<group>"; };
		55B43CB51D01F942002CCE78 /* QuickStartRandomTeamsViewController.swift */ = {isa = PBXFileReference; fileEncoding = 4; lastKnownFileType = sourcecode.swift; path = QuickStartRandomTeamsViewController.swift; sourceTree = "<group>"; };
		55B43CB91D020C6B002CCE78 /* HttpDownloader.swift */ = {isa = PBXFileReference; fileEncoding = 4; lastKnownFileType = sourcecode.swift; path = HttpDownloader.swift; sourceTree = "<group>"; };
		55B43CBB1D0210FE002CCE78 /* CardInfoViewController.swift */ = {isa = PBXFileReference; fileEncoding = 4; lastKnownFileType = sourcecode.swift; path = CardInfoViewController.swift; sourceTree = "<group>"; };
		55B43CBD1D021C4F002CCE78 /* Game-of-Games-Cards-Default.csv */ = {isa = PBXFileReference; fileEncoding = 4; lastKnownFileType = text; path = "Game-of-Games-Cards-Default.csv"; sourceTree = "<group>"; };
		55B43D2A1D022440002CCE78 /* Body_4.png */ = {isa = PBXFileReference; lastKnownFileType = image.png; name = Body_4.png; path = CardImages/Body_4.png; sourceTree = "<group>"; };
		55B43D2B1D022440002CCE78 /* Soul_10.png */ = {isa = PBXFileReference; lastKnownFileType = image.png; name = Soul_10.png; path = CardImages/Soul_10.png; sourceTree = "<group>"; };
		55B43D2C1D022440002CCE78 /* Chance_13.png */ = {isa = PBXFileReference; lastKnownFileType = image.png; name = Chance_13.png; path = CardImages/Chance_13.png; sourceTree = "<group>"; };
		55B43D2D1D022440002CCE78 /* Chance_12.png */ = {isa = PBXFileReference; lastKnownFileType = image.png; name = Chance_12.png; path = CardImages/Chance_12.png; sourceTree = "<group>"; };
		55B43D2E1D022440002CCE78 /* Chance_11.png */ = {isa = PBXFileReference; lastKnownFileType = image.png; name = Chance_11.png; path = CardImages/Chance_11.png; sourceTree = "<group>"; };
		55B43D2F1D022440002CCE78 /* Chance_10.png */ = {isa = PBXFileReference; lastKnownFileType = image.png; name = Chance_10.png; path = CardImages/Chance_10.png; sourceTree = "<group>"; };
		55B43D301D022440002CCE78 /* Chance_9.png */ = {isa = PBXFileReference; lastKnownFileType = image.png; name = Chance_9.png; path = CardImages/Chance_9.png; sourceTree = "<group>"; };
		55B43D311D022440002CCE78 /* Chance_8.png */ = {isa = PBXFileReference; lastKnownFileType = image.png; name = Chance_8.png; path = CardImages/Chance_8.png; sourceTree = "<group>"; };
		55B43D321D022440002CCE78 /* Chance_7.png */ = {isa = PBXFileReference; lastKnownFileType = image.png; name = Chance_7.png; path = CardImages/Chance_7.png; sourceTree = "<group>"; };
		55B43D331D022440002CCE78 /* Chance_6.png */ = {isa = PBXFileReference; lastKnownFileType = image.png; name = Chance_6.png; path = CardImages/Chance_6.png; sourceTree = "<group>"; };
		55B43D341D022440002CCE78 /* Chance_5.png */ = {isa = PBXFileReference; lastKnownFileType = image.png; name = Chance_5.png; path = CardImages/Chance_5.png; sourceTree = "<group>"; };
		55B43D351D022440002CCE78 /* Chance_4.png */ = {isa = PBXFileReference; lastKnownFileType = image.png; name = Chance_4.png; path = CardImages/Chance_4.png; sourceTree = "<group>"; };
		55B43D361D022440002CCE78 /* Chance_3.png */ = {isa = PBXFileReference; lastKnownFileType = image.png; name = Chance_3.png; path = CardImages/Chance_3.png; sourceTree = "<group>"; };
		55B43D371D022440002CCE78 /* Chance_2.png */ = {isa = PBXFileReference; lastKnownFileType = image.png; name = Chance_2.png; path = CardImages/Chance_2.png; sourceTree = "<group>"; };
		55B43D381D022440002CCE78 /* Chance_1.png */ = {isa = PBXFileReference; lastKnownFileType = image.png; name = Chance_1.png; path = CardImages/Chance_1.png; sourceTree = "<group>"; };
		55B43D391D022440002CCE78 /* Soul_1.png */ = {isa = PBXFileReference; lastKnownFileType = image.png; name = Soul_1.png; path = CardImages/Soul_1.png; sourceTree = "<group>"; };
		55B43D3A1D022440002CCE78 /* Soul_13.png */ = {isa = PBXFileReference; lastKnownFileType = image.png; name = Soul_13.png; path = CardImages/Soul_13.png; sourceTree = "<group>"; };
		55B43D3B1D022440002CCE78 /* Soul_12.png */ = {isa = PBXFileReference; lastKnownFileType = image.png; name = Soul_12.png; path = CardImages/Soul_12.png; sourceTree = "<group>"; };
		55B43D3C1D022440002CCE78 /* Soul_11.png */ = {isa = PBXFileReference; lastKnownFileType = image.png; name = Soul_11.png; path = CardImages/Soul_11.png; sourceTree = "<group>"; };
		55B43D3D1D022440002CCE78 /* Soul_9.png */ = {isa = PBXFileReference; lastKnownFileType = image.png; name = Soul_9.png; path = CardImages/Soul_9.png; sourceTree = "<group>"; };
		55B43D3E1D022440002CCE78 /* Soul_8.png */ = {isa = PBXFileReference; lastKnownFileType = image.png; name = Soul_8.png; path = CardImages/Soul_8.png; sourceTree = "<group>"; };
		55B43D3F1D022440002CCE78 /* Soul_7.png */ = {isa = PBXFileReference; lastKnownFileType = image.png; name = Soul_7.png; path = CardImages/Soul_7.png; sourceTree = "<group>"; };
		55B43D401D022440002CCE78 /* Soul_6.png */ = {isa = PBXFileReference; lastKnownFileType = image.png; name = Soul_6.png; path = CardImages/Soul_6.png; sourceTree = "<group>"; };
		55B43D411D022440002CCE78 /* Soul_5.png */ = {isa = PBXFileReference; lastKnownFileType = image.png; name = Soul_5.png; path = CardImages/Soul_5.png; sourceTree = "<group>"; };
		55B43D421D022440002CCE78 /* Soul_4.png */ = {isa = PBXFileReference; lastKnownFileType = image.png; name = Soul_4.png; path = CardImages/Soul_4.png; sourceTree = "<group>"; };
		55B43D431D022440002CCE78 /* Soul_3.png */ = {isa = PBXFileReference; lastKnownFileType = image.png; name = Soul_3.png; path = CardImages/Soul_3.png; sourceTree = "<group>"; };
		55B43D441D022440002CCE78 /* Soul_2.png */ = {isa = PBXFileReference; lastKnownFileType = image.png; name = Soul_2.png; path = CardImages/Soul_2.png; sourceTree = "<group>"; };
		55B43D451D022440002CCE78 /* Body_13.png */ = {isa = PBXFileReference; lastKnownFileType = image.png; name = Body_13.png; path = CardImages/Body_13.png; sourceTree = "<group>"; };
		55B43D461D022440002CCE78 /* Body_12.png */ = {isa = PBXFileReference; lastKnownFileType = image.png; name = Body_12.png; path = CardImages/Body_12.png; sourceTree = "<group>"; };
		55B43D471D022440002CCE78 /* Body_11.png */ = {isa = PBXFileReference; lastKnownFileType = image.png; name = Body_11.png; path = CardImages/Body_11.png; sourceTree = "<group>"; };
		55B43D481D022440002CCE78 /* Body_10.png */ = {isa = PBXFileReference; lastKnownFileType = image.png; name = Body_10.png; path = CardImages/Body_10.png; sourceTree = "<group>"; };
		55B43D491D022440002CCE78 /* Body_9.png */ = {isa = PBXFileReference; lastKnownFileType = image.png; name = Body_9.png; path = CardImages/Body_9.png; sourceTree = "<group>"; };
		55B43D4A1D022440002CCE78 /* Body_8.png */ = {isa = PBXFileReference; lastKnownFileType = image.png; name = Body_8.png; path = CardImages/Body_8.png; sourceTree = "<group>"; };
		55B43D4B1D022440002CCE78 /* Body_7.png */ = {isa = PBXFileReference; lastKnownFileType = image.png; name = Body_7.png; path = CardImages/Body_7.png; sourceTree = "<group>"; };
		55B43D4C1D022440002CCE78 /* Body_6.png */ = {isa = PBXFileReference; lastKnownFileType = image.png; name = Body_6.png; path = CardImages/Body_6.png; sourceTree = "<group>"; };
		55B43D4D1D022440002CCE78 /* Body_5.png */ = {isa = PBXFileReference; lastKnownFileType = image.png; name = Body_5.png; path = CardImages/Body_5.png; sourceTree = "<group>"; };
		55B43D4E1D022440002CCE78 /* Body_3.png */ = {isa = PBXFileReference; lastKnownFileType = image.png; name = Body_3.png; path = CardImages/Body_3.png; sourceTree = "<group>"; };
		55B43D4F1D022440002CCE78 /* Body_2.png */ = {isa = PBXFileReference; lastKnownFileType = image.png; name = Body_2.png; path = CardImages/Body_2.png; sourceTree = "<group>"; };
		55B43D501D022440002CCE78 /* Body_1.png */ = {isa = PBXFileReference; lastKnownFileType = image.png; name = Body_1.png; path = CardImages/Body_1.png; sourceTree = "<group>"; };
		55B43D511D022440002CCE78 /* Mind_13.png */ = {isa = PBXFileReference; lastKnownFileType = image.png; name = Mind_13.png; path = CardImages/Mind_13.png; sourceTree = "<group>"; };
		55B43D521D022440002CCE78 /* Mind_12.png */ = {isa = PBXFileReference; lastKnownFileType = image.png; name = Mind_12.png; path = CardImages/Mind_12.png; sourceTree = "<group>"; };
		55B43D531D022440002CCE78 /* Mind_11.png */ = {isa = PBXFileReference; lastKnownFileType = image.png; name = Mind_11.png; path = CardImages/Mind_11.png; sourceTree = "<group>"; };
		55B43D541D022440002CCE78 /* Mind_10.png */ = {isa = PBXFileReference; lastKnownFileType = image.png; name = Mind_10.png; path = CardImages/Mind_10.png; sourceTree = "<group>"; };
		55B43D551D022440002CCE78 /* Mind_9.png */ = {isa = PBXFileReference; lastKnownFileType = image.png; name = Mind_9.png; path = CardImages/Mind_9.png; sourceTree = "<group>"; };
		55B43D561D022440002CCE78 /* Mind_8.png */ = {isa = PBXFileReference; lastKnownFileType = image.png; name = Mind_8.png; path = CardImages/Mind_8.png; sourceTree = "<group>"; };
		55B43D571D022440002CCE78 /* Mind_7.png */ = {isa = PBXFileReference; lastKnownFileType = image.png; name = Mind_7.png; path = CardImages/Mind_7.png; sourceTree = "<group>"; };
		55B43D581D022440002CCE78 /* Mind_6.png */ = {isa = PBXFileReference; lastKnownFileType = image.png; name = Mind_6.png; path = CardImages/Mind_6.png; sourceTree = "<group>"; };
		55B43D591D022440002CCE78 /* Mind_5.png */ = {isa = PBXFileReference; lastKnownFileType = image.png; name = Mind_5.png; path = CardImages/Mind_5.png; sourceTree = "<group>"; };
		55B43D5A1D022440002CCE78 /* Mind_4.png */ = {isa = PBXFileReference; lastKnownFileType = image.png; name = Mind_4.png; path = CardImages/Mind_4.png; sourceTree = "<group>"; };
		55B43D5B1D022440002CCE78 /* Mind_3.png */ = {isa = PBXFileReference; lastKnownFileType = image.png; name = Mind_3.png; path = CardImages/Mind_3.png; sourceTree = "<group>"; };
		55B43D5C1D022440002CCE78 /* Mind_2.png */ = {isa = PBXFileReference; lastKnownFileType = image.png; name = Mind_2.png; path = CardImages/Mind_2.png; sourceTree = "<group>"; };
		55B43D5D1D022440002CCE78 /* Mind_1.png */ = {isa = PBXFileReference; lastKnownFileType = image.png; name = Mind_1.png; path = CardImages/Mind_1.png; sourceTree = "<group>"; };
		55B8310C1D03669D00F19A63 /* ChooseTeamOrderViewController.swift */ = {isa = PBXFileReference; fileEncoding = 4; lastKnownFileType = sourcecode.swift; path = ChooseTeamOrderViewController.swift; sourceTree = "<group>"; };
		55D2E5F91CFFBA2D004768FE /* RoundRouletteViewController.swift */ = {isa = PBXFileReference; fileEncoding = 4; lastKnownFileType = sourcecode.swift; path = RoundRouletteViewController.swift; sourceTree = "<group>"; };
		55D3FB021CFE0E30006C0A8E /* GameOfGames.app */ = {isa = PBXFileReference; explicitFileType = wrapper.application; includeInIndex = 0; path = GameOfGames.app; sourceTree = BUILT_PRODUCTS_DIR; };
		55D3FB051CFE0E30006C0A8E /* AppDelegate.swift */ = {isa = PBXFileReference; lastKnownFileType = sourcecode.swift; path = AppDelegate.swift; sourceTree = "<group>"; };
		55D3FB071CFE0E30006C0A8E /* NumberOfPlayersViewController.swift */ = {isa = PBXFileReference; lastKnownFileType = sourcecode.swift; path = NumberOfPlayersViewController.swift; sourceTree = "<group>"; };
		55D3FB0C1CFE0E30006C0A8E /* Base */ = {isa = PBXFileReference; lastKnownFileType = file.storyboard; name = Base; path = Base.lproj/Main.storyboard; sourceTree = "<group>"; };
		55D3FB0E1CFE0E30006C0A8E /* Assets.xcassets */ = {isa = PBXFileReference; lastKnownFileType = folder.assetcatalog; path = Assets.xcassets; sourceTree = "<group>"; };
		55D3FB111CFE0E30006C0A8E /* Base */ = {isa = PBXFileReference; lastKnownFileType = file.storyboard; name = Base; path = Base.lproj/LaunchScreen.storyboard; sourceTree = "<group>"; };
		55D3FB131CFE0E30006C0A8E /* Info.plist */ = {isa = PBXFileReference; lastKnownFileType = text.plist.xml; path = Info.plist; sourceTree = "<group>"; };
		55D3FB181CFE0E30006C0A8E /* GameOfGamesTests.xctest */ = {isa = PBXFileReference; explicitFileType = wrapper.cfbundle; includeInIndex = 0; path = GameOfGamesTests.xctest; sourceTree = BUILT_PRODUCTS_DIR; };
		55D3FB1C1CFE0E30006C0A8E /* GameOfGamesTests.swift */ = {isa = PBXFileReference; lastKnownFileType = sourcecode.swift; path = GameOfGamesTests.swift; sourceTree = "<group>"; };
		55D3FB1E1CFE0E30006C0A8E /* Info.plist */ = {isa = PBXFileReference; lastKnownFileType = text.plist.xml; path = Info.plist; sourceTree = "<group>"; };
		55D3FB231CFE0E30006C0A8E /* GameOfGamesUITests.xctest */ = {isa = PBXFileReference; explicitFileType = wrapper.cfbundle; includeInIndex = 0; path = GameOfGamesUITests.xctest; sourceTree = BUILT_PRODUCTS_DIR; };
		55D3FB271CFE0E30006C0A8E /* GameOfGamesUITests.swift */ = {isa = PBXFileReference; lastKnownFileType = sourcecode.swift; path = GameOfGamesUITests.swift; sourceTree = "<group>"; };
		55D3FB291CFE0E30006C0A8E /* Info.plist */ = {isa = PBXFileReference; lastKnownFileType = text.plist.xml; path = Info.plist; sourceTree = "<group>"; };
		55D3FB351CFE3D62006C0A8E /* Game.swift */ = {isa = PBXFileReference; fileEncoding = 4; lastKnownFileType = sourcecode.swift; path = Game.swift; sourceTree = "<group>"; };
		55D3FB371CFE4262006C0A8E /* Card.swift */ = {isa = PBXFileReference; fileEncoding = 4; lastKnownFileType = sourcecode.swift; path = Card.swift; sourceTree = "<group>"; };
		55D3FB391CFE4284006C0A8E /* Deck.swift */ = {isa = PBXFileReference; fileEncoding = 4; lastKnownFileType = sourcecode.swift; path = Deck.swift; sourceTree = "<group>"; };
		55D3FB3B1CFE4B57006C0A8E /* extensions.swift */ = {isa = PBXFileReference; fileEncoding = 4; lastKnownFileType = sourcecode.swift; path = extensions.swift; sourceTree = "<group>"; };
		55D3FB3D1CFE4D1C006C0A8E /* RandomizeTeamsViewController.swift */ = {isa = PBXFileReference; fileEncoding = 4; lastKnownFileType = sourcecode.swift; path = RandomizeTeamsViewController.swift; sourceTree = "<group>"; };
		55D3FB3F1CFE54F5006C0A8E /* PlayGameViewController.swift */ = {isa = PBXFileReference; fileEncoding = 4; lastKnownFileType = sourcecode.swift; path = PlayGameViewController.swift; sourceTree = "<group>"; };
		55D3FB411CFE57E2006C0A8E /* DrawCardViewController.swift */ = {isa = PBXFileReference; fileEncoding = 4; lastKnownFileType = sourcecode.swift; path = DrawCardViewController.swift; sourceTree = "<group>"; };
		55D3FB431CFF384A006C0A8E /* NamePlayersViewController.swift */ = {isa = PBXFileReference; fileEncoding = 4; lastKnownFileType = sourcecode.swift; path = NamePlayersViewController.swift; sourceTree = "<group>"; };
		55D3FB451CFF3DDB006C0A8E /* NameTeamsViewController.swift */ = {isa = PBXFileReference; fileEncoding = 4; lastKnownFileType = sourcecode.swift; path = NameTeamsViewController.swift; sourceTree = "<group>"; };
		55D3FB471CFF4525006C0A8E /* PlayOlympicsViewController.swift */ = {isa = PBXFileReference; fileEncoding = 4; lastKnownFileType = sourcecode.swift; path = PlayOlympicsViewController.swift; sourceTree = "<group>"; };
		55D3FB491CFF4C64006C0A8E /* StartScreenViewController.swift */ = {isa = PBXFileReference; fileEncoding = 4; lastKnownFileType = sourcecode.swift; path = StartScreenViewController.swift; sourceTree = "<group>"; };
		55D3FB4F1CFFA3CD006C0A8E /* CheckCardsViewController.swift */ = {isa = PBXFileReference; fileEncoding = 4; lastKnownFileType = sourcecode.swift; path = CheckCardsViewController.swift; sourceTree = "<group>"; };
		55D7E0341D062581000D0B14 /* README.md */ = {isa = PBXFileReference; fileEncoding = 4; lastKnownFileType = net.daringfireball.markdown; path = README.md; sourceTree = "<group>"; };
		564313C2567F5252F87386A4 /* Pods-GameOfGames.release.xcconfig */ = {isa = PBXFileReference; includeInIndex = 1; lastKnownFileType = text.xcconfig; name = "Pods-GameOfGames.release.xcconfig"; path = "Pods/Target Support Files/Pods-GameOfGames/Pods-GameOfGames.release.xcconfig"; sourceTree = "<group>"; };
		955504E0F32B68FF60869A52 /* Pods-GameOfGamesTests.debug.xcconfig */ = {isa = PBXFileReference; includeInIndex = 1; lastKnownFileType = text.xcconfig; name = "Pods-GameOfGamesTests.debug.xcconfig"; path = "Pods/Target Support Files/Pods-GameOfGamesTests/Pods-GameOfGamesTests.debug.xcconfig"; sourceTree = "<group>"; };
		C8B1BA92CDE764BFA446E69E /* Pods-GameOfGamesTests.release.xcconfig */ = {isa = PBXFileReference; includeInIndex = 1; lastKnownFileType = text.xcconfig; name = "Pods-GameOfGamesTests.release.xcconfig"; path = "Pods/Target Support Files/Pods-GameOfGamesTests/Pods-GameOfGamesTests.release.xcconfig"; sourceTree = "<group>"; };
		D5B3666DF8B25173CC842181 /* Pods_GameOfGamesTests.framework */ = {isa = PBXFileReference; explicitFileType = wrapper.framework; includeInIndex = 0; path = Pods_GameOfGamesTests.framework; sourceTree = BUILT_PRODUCTS_DIR; };
		F47F141C021327A998122A31 /* Pods-GameOfGames.debug.xcconfig */ = {isa = PBXFileReference; includeInIndex = 1; lastKnownFileType = text.xcconfig; name = "Pods-GameOfGames.debug.xcconfig"; path = "Pods/Target Support Files/Pods-GameOfGames/Pods-GameOfGames.debug.xcconfig"; sourceTree = "<group>"; };
/* End PBXFileReference section */

/* Begin PBXFrameworksBuildPhase section */
		55D3FAFF1CFE0E30006C0A8E /* Frameworks */ = {
			isa = PBXFrameworksBuildPhase;
			buildActionMask = 2147483647;
			files = (
				1F946D18C05FC66A679036A6 /* Pods_GameOfGames.framework in Frameworks */,
			);
			runOnlyForDeploymentPostprocessing = 0;
		};
		55D3FB151CFE0E30006C0A8E /* Frameworks */ = {
			isa = PBXFrameworksBuildPhase;
			buildActionMask = 2147483647;
			files = (
				D00A5D9E40F578A1DE7B7E0E /* Pods_GameOfGamesTests.framework in Frameworks */,
			);
			runOnlyForDeploymentPostprocessing = 0;
		};
		55D3FB201CFE0E30006C0A8E /* Frameworks */ = {
			isa = PBXFrameworksBuildPhase;
			buildActionMask = 2147483647;
			files = (
				DAB706C55530418EE798427B /* Pods_GameOfGamesUITests.framework in Frameworks */,
			);
			runOnlyForDeploymentPostprocessing = 0;
		};
/* End PBXFrameworksBuildPhase section */

/* Begin PBXGroup section */
		3606DDB5FF1AEFDB8968B5EE /* Frameworks */ = {
			isa = PBXGroup;
			children = (
				4B80F4386EC94669A39ACCAB /* Pods_GameOfGames.framework */,
				D5B3666DF8B25173CC842181 /* Pods_GameOfGamesTests.framework */,
				1748481E1481FB447209988A /* Pods_GameOfGamesUITests.framework */,
			);
			name = Frameworks;
			sourceTree = "<group>";
		};
		550800791D08A8FA0022E984 /* UIImages */ = {
			isa = PBXGroup;
			children = (
				550497F21D0F548A0019F490 /* shuffleButton.png */,
				550497EC1D0F22060019F490 /* addButton.png */,
				550497ED1D0F22060019F490 /* quickstartButton.png */,
				550497EE1D0F22060019F490 /* startButton.png */,
				556F2A321D0BDD4400797FA5 /* backButton.png */,
				556F2A331D0BDD4400797FA5 /* nextButton.png */,
				5508008E1D0B81A40022E984 /* failButton.png */,
				5508008F1D0B81A40022E984 /* skipButton.png */,
				550800901D0B81A40022E984 /* stealButton.png */,
				550800911D0B81A40022E984 /* wonButton.png */,
				550800821D08C1400022E984 /* logo.png */,
				5508007B1D08A9A30022E984 /* cardsButton.png */,
				5508007C1D08A9A30022E984 /* rulesButton.png */,
				5508007D1D08A9A30022E984 /* playButton.png */,
			);
			name = UIImages;
			sourceTree = "<group>";
		};
		550800861D08CF7E0022E984 /* Fonts */ = {
			isa = PBXGroup;
			children = (
				550800871D08CFE30022E984 /* Lobster */,
			);
			name = Fonts;
			sourceTree = "<group>";
		};
		550800871D08CFE30022E984 /* Lobster */ = {
			isa = PBXGroup;
			children = (
				550800881D08CFF30022E984 /* Lobster_1.3.otf */,
				550800891D08CFF30022E984 /* SIL Open Font License.txt */,
			);
			name = Lobster;
			sourceTree = "<group>";
		};
		55B43CC11D022294002CCE78 /* CardImages */ = {
			isa = PBXGroup;
			children = (
				550800961D0BA24E0022E984 /* Body_14.png */,
				550800971D0BA24E0022E984 /* Body_15.png */,
				550800981D0BA24E0022E984 /* Chance_14.png */,
				550800991D0BA24E0022E984 /* Chance_15.png */,
				5508009A1D0BA24E0022E984 /* Chance_16.png */,
				5508009B1D0BA24E0022E984 /* Chance_17.png */,
				5508009C1D0BA24E0022E984 /* Chance_18.png */,
				5508009D1D0BA24E0022E984 /* Chance_19.png */,
				5508009E1D0BA24E0022E984 /* Chance_20.png */,
				5508009F1D0BA24E0022E984 /* Mind_14.png */,
				550800A01D0BA24E0022E984 /* Mind_15.png */,
				550800A11D0BA24E0022E984 /* Mind_16.png */,
				550800A21D0BA24E0022E984 /* Mind_17.png */,
				550800A31D0BA24E0022E984 /* Mind_18.png */,
				550800A41D0BA24E0022E984 /* Soul_14.png */,
				550800A51D0BA24E0022E984 /* Soul_15.png */,
				550800A61D0BA24E0022E984 /* Soul_16.png */,
				55B43D2A1D022440002CCE78 /* Body_4.png */,
				55B43D2B1D022440002CCE78 /* Soul_10.png */,
				55B43D2C1D022440002CCE78 /* Chance_13.png */,
				55B43D2D1D022440002CCE78 /* Chance_12.png */,
				55B43D2E1D022440002CCE78 /* Chance_11.png */,
				55B43D2F1D022440002CCE78 /* Chance_10.png */,
				55B43D301D022440002CCE78 /* Chance_9.png */,
				55B43D311D022440002CCE78 /* Chance_8.png */,
				55B43D321D022440002CCE78 /* Chance_7.png */,
				55B43D331D022440002CCE78 /* Chance_6.png */,
				55B43D341D022440002CCE78 /* Chance_5.png */,
				55B43D351D022440002CCE78 /* Chance_4.png */,
				55B43D361D022440002CCE78 /* Chance_3.png */,
				55B43D371D022440002CCE78 /* Chance_2.png */,
				55B43D381D022440002CCE78 /* Chance_1.png */,
				55B43D391D022440002CCE78 /* Soul_1.png */,
				55B43D3A1D022440002CCE78 /* Soul_13.png */,
				55B43D3B1D022440002CCE78 /* Soul_12.png */,
				55B43D3C1D022440002CCE78 /* Soul_11.png */,
				55B43D3D1D022440002CCE78 /* Soul_9.png */,
				55B43D3E1D022440002CCE78 /* Soul_8.png */,
				55B43D3F1D022440002CCE78 /* Soul_7.png */,
				55B43D401D022440002CCE78 /* Soul_6.png */,
				55B43D411D022440002CCE78 /* Soul_5.png */,
				55B43D421D022440002CCE78 /* Soul_4.png */,
				55B43D431D022440002CCE78 /* Soul_3.png */,
				55B43D441D022440002CCE78 /* Soul_2.png */,
				55B43D451D022440002CCE78 /* Body_13.png */,
				55B43D461D022440002CCE78 /* Body_12.png */,
				55B43D471D022440002CCE78 /* Body_11.png */,
				55B43D481D022440002CCE78 /* Body_10.png */,
				55B43D491D022440002CCE78 /* Body_9.png */,
				55B43D4A1D022440002CCE78 /* Body_8.png */,
				55B43D4B1D022440002CCE78 /* Body_7.png */,
				55B43D4C1D022440002CCE78 /* Body_6.png */,
				55B43D4D1D022440002CCE78 /* Body_5.png */,
				55B43D4E1D022440002CCE78 /* Body_3.png */,
				55B43D4F1D022440002CCE78 /* Body_2.png */,
				55B43D501D022440002CCE78 /* Body_1.png */,
				55B43D511D022440002CCE78 /* Mind_13.png */,
				55B43D521D022440002CCE78 /* Mind_12.png */,
				55B43D531D022440002CCE78 /* Mind_11.png */,
				55B43D541D022440002CCE78 /* Mind_10.png */,
				55B43D551D022440002CCE78 /* Mind_9.png */,
				55B43D561D022440002CCE78 /* Mind_8.png */,
				55B43D571D022440002CCE78 /* Mind_7.png */,
				55B43D581D022440002CCE78 /* Mind_6.png */,
				55B43D591D022440002CCE78 /* Mind_5.png */,
				55B43D5A1D022440002CCE78 /* Mind_4.png */,
				55B43D5B1D022440002CCE78 /* Mind_3.png */,
				55B43D5C1D022440002CCE78 /* Mind_2.png */,
				55B43D5D1D022440002CCE78 /* Mind_1.png */,
			);
			name = CardImages;
			sourceTree = "<group>";
		};
		55D3FAF91CFE0E30006C0A8E = {
			isa = PBXGroup;
			children = (
				550800861D08CF7E0022E984 /* Fonts */,
				550800791D08A8FA0022E984 /* UIImages */,
				55B43CC11D022294002CCE78 /* CardImages */,
				55D7E0341D062581000D0B14 /* README.md */,
				55B43CBD1D021C4F002CCE78 /* Game-of-Games-Cards-Default.csv */,
				55D3FB041CFE0E30006C0A8E /* GameOfGames */,
				55D3FB1B1CFE0E30006C0A8E /* GameOfGamesTests */,
				55D3FB261CFE0E30006C0A8E /* GameOfGamesUITests */,
				55D3FB031CFE0E30006C0A8E /* Products */,
				919B22F1E16602CD0EC6B22D /* Pods */,
				3606DDB5FF1AEFDB8968B5EE /* Frameworks */,
			);
			sourceTree = "<group>";
		};
		55D3FB031CFE0E30006C0A8E /* Products */ = {
			isa = PBXGroup;
			children = (
				55D3FB021CFE0E30006C0A8E /* GameOfGames.app */,
				55D3FB181CFE0E30006C0A8E /* GameOfGamesTests.xctest */,
				55D3FB231CFE0E30006C0A8E /* GameOfGamesUITests.xctest */,
			);
			name = Products;
			sourceTree = "<group>";
		};
		55D3FB041CFE0E30006C0A8E /* GameOfGames */ = {
			isa = PBXGroup;
			children = (
				55D3FB351CFE3D62006C0A8E /* Game.swift */,
				55D3FB391CFE4284006C0A8E /* Deck.swift */,
				55D3FB371CFE4262006C0A8E /* Card.swift */,
				55B43CB91D020C6B002CCE78 /* HttpDownloader.swift */,
				550800841D08C68E0022E984 /* UIHelper.swift */,
				55D3FB0B1CFE0E30006C0A8E /* Main.storyboard */,
				55D3FB0E1CFE0E30006C0A8E /* Assets.xcassets */,
				55D3FB101CFE0E30006C0A8E /* LaunchScreen.storyboard */,
				55D3FB3B1CFE4B57006C0A8E /* extensions.swift */,
				55D3FB051CFE0E30006C0A8E /* AppDelegate.swift */,
				55D3FB131CFE0E30006C0A8E /* Info.plist */,
				55D3FB491CFF4C64006C0A8E /* StartScreenViewController.swift */,
				559ED9981D0607480040D36A /* WholeDeckViewController.swift */,
				559ED99C1D0609E80040D36A /* ImageCollectionViewCell.swift */,
				55D3FB071CFE0E30006C0A8E /* NumberOfPlayersViewController.swift */,
				55D3FB431CFF384A006C0A8E /* NamePlayersViewController.swift */,
				55D3FB3D1CFE4D1C006C0A8E /* RandomizeTeamsViewController.swift */,
				55B43CB51D01F942002CCE78 /* QuickStartRandomTeamsViewController.swift */,
				55D3FB451CFF3DDB006C0A8E /* NameTeamsViewController.swift */,
				55D3FB471CFF4525006C0A8E /* PlayOlympicsViewController.swift */,
				55B8310C1D03669D00F19A63 /* ChooseTeamOrderViewController.swift */,
				55D3FB3F1CFE54F5006C0A8E /* PlayGameViewController.swift */,
				55D3FB411CFE57E2006C0A8E /* DrawCardViewController.swift */,
				55D3FB4F1CFFA3CD006C0A8E /* CheckCardsViewController.swift */,
				55D2E5F91CFFBA2D004768FE /* RoundRouletteViewController.swift */,
				55B43CBB1D0210FE002CCE78 /* CardInfoViewController.swift */,
			);
			path = GameOfGames;
			sourceTree = "<group>";
		};
		55D3FB1B1CFE0E30006C0A8E /* GameOfGamesTests */ = {
			isa = PBXGroup;
			children = (
				55D3FB1C1CFE0E30006C0A8E /* GameOfGamesTests.swift */,
				55D3FB1E1CFE0E30006C0A8E /* Info.plist */,
			);
			path = GameOfGamesTests;
			sourceTree = "<group>";
		};
		55D3FB261CFE0E30006C0A8E /* GameOfGamesUITests */ = {
			isa = PBXGroup;
			children = (
				55D3FB271CFE0E30006C0A8E /* GameOfGamesUITests.swift */,
				55D3FB291CFE0E30006C0A8E /* Info.plist */,
			);
			path = GameOfGamesUITests;
			sourceTree = "<group>";
		};
		919B22F1E16602CD0EC6B22D /* Pods */ = {
			isa = PBXGroup;
			children = (
				F47F141C021327A998122A31 /* Pods-GameOfGames.debug.xcconfig */,
				564313C2567F5252F87386A4 /* Pods-GameOfGames.release.xcconfig */,
				955504E0F32B68FF60869A52 /* Pods-GameOfGamesTests.debug.xcconfig */,
				C8B1BA92CDE764BFA446E69E /* Pods-GameOfGamesTests.release.xcconfig */,
				359A5726D33F5D1696397CBA /* Pods-GameOfGamesUITests.debug.xcconfig */,
				22CFCD7B1E0B9FDF190231CA /* Pods-GameOfGamesUITests.release.xcconfig */,
			);
			name = Pods;
			sourceTree = "<group>";
		};
/* End PBXGroup section */

/* Begin PBXNativeTarget section */
		55D3FB011CFE0E30006C0A8E /* GameOfGames */ = {
			isa = PBXNativeTarget;
			buildConfigurationList = 55D3FB2C1CFE0E30006C0A8E /* Build configuration list for PBXNativeTarget "GameOfGames" */;
			buildPhases = (
				72DB76575145C834E6D5ABB9 /* [CP] Check Pods Manifest.lock */,
				55D3FAFE1CFE0E30006C0A8E /* Sources */,
				55D3FAFF1CFE0E30006C0A8E /* Frameworks */,
				55D3FB001CFE0E30006C0A8E /* Resources */,
				BDFDA8023D03F3C44AD3AA2C /* [CP] Embed Pods Frameworks */,
				A791C3BCFEB383BCA38289CF /* [CP] Copy Pods Resources */,
			);
			buildRules = (
			);
			dependencies = (
			);
			name = GameOfGames;
			productName = GameOfGames;
			productReference = 55D3FB021CFE0E30006C0A8E /* GameOfGames.app */;
			productType = "com.apple.product-type.application";
		};
		55D3FB171CFE0E30006C0A8E /* GameOfGamesTests */ = {
			isa = PBXNativeTarget;
			buildConfigurationList = 55D3FB2F1CFE0E30006C0A8E /* Build configuration list for PBXNativeTarget "GameOfGamesTests" */;
			buildPhases = (
				DF449E1BF804747A1F4B0973 /* [CP] Check Pods Manifest.lock */,
				55D3FB141CFE0E30006C0A8E /* Sources */,
				55D3FB151CFE0E30006C0A8E /* Frameworks */,
				55D3FB161CFE0E30006C0A8E /* Resources */,
				B90B63488DC47D3CD06295F2 /* [CP] Embed Pods Frameworks */,
				EEBC6896634C2EF48DC3FFEC /* [CP] Copy Pods Resources */,
			);
			buildRules = (
			);
			dependencies = (
				55D3FB1A1CFE0E30006C0A8E /* PBXTargetDependency */,
			);
			name = GameOfGamesTests;
			productName = GameOfGamesTests;
			productReference = 55D3FB181CFE0E30006C0A8E /* GameOfGamesTests.xctest */;
			productType = "com.apple.product-type.bundle.unit-test";
		};
		55D3FB221CFE0E30006C0A8E /* GameOfGamesUITests */ = {
			isa = PBXNativeTarget;
			buildConfigurationList = 55D3FB321CFE0E30006C0A8E /* Build configuration list for PBXNativeTarget "GameOfGamesUITests" */;
			buildPhases = (
				7004B443609B7DBD45F9C6E2 /* [CP] Check Pods Manifest.lock */,
				55D3FB1F1CFE0E30006C0A8E /* Sources */,
				55D3FB201CFE0E30006C0A8E /* Frameworks */,
				55D3FB211CFE0E30006C0A8E /* Resources */,
				560A1A5B2ADE4985EA4A8E65 /* [CP] Copy Pods Resources */,
			);
			buildRules = (
			);
			dependencies = (
				55D3FB251CFE0E30006C0A8E /* PBXTargetDependency */,
			);
			name = GameOfGamesUITests;
			productName = GameOfGamesUITests;
			productReference = 55D3FB231CFE0E30006C0A8E /* GameOfGamesUITests.xctest */;
			productType = "com.apple.product-type.bundle.ui-testing";
		};
/* End PBXNativeTarget section */

/* Begin PBXProject section */
		55D3FAFA1CFE0E30006C0A8E /* Project object */ = {
			isa = PBXProject;
			attributes = {
				LastSwiftUpdateCheck = 0730;
				LastUpgradeCheck = 0730;
				ORGANIZATIONNAME = "Michael Lombardo";
				TargetAttributes = {
					55D3FB011CFE0E30006C0A8E = {
						CreatedOnToolsVersion = 7.3;
						DevelopmentTeam = SM7VLH62CK;
					};
					55D3FB171CFE0E30006C0A8E = {
						CreatedOnToolsVersion = 7.3;
						DevelopmentTeam = SM7VLH62CK;
						TestTargetID = 55D3FB011CFE0E30006C0A8E;
					};
					55D3FB221CFE0E30006C0A8E = {
						CreatedOnToolsVersion = 7.3;
						DevelopmentTeam = SM7VLH62CK;
						TestTargetID = 55D3FB011CFE0E30006C0A8E;
					};
				};
			};
			buildConfigurationList = 55D3FAFD1CFE0E30006C0A8E /* Build configuration list for PBXProject "GameOfGames" */;
			compatibilityVersion = "Xcode 3.2";
			developmentRegion = English;
			hasScannedForEncodings = 0;
			knownRegions = (
				en,
				Base,
			);
			mainGroup = 55D3FAF91CFE0E30006C0A8E;
			productRefGroup = 55D3FB031CFE0E30006C0A8E /* Products */;
			projectDirPath = "";
			projectRoot = "";
			targets = (
				55D3FB011CFE0E30006C0A8E /* GameOfGames */,
				55D3FB171CFE0E30006C0A8E /* GameOfGamesTests */,
				55D3FB221CFE0E30006C0A8E /* GameOfGamesUITests */,
			);
		};
/* End PBXProject section */

/* Begin PBXResourcesBuildPhase section */
		55D3FB001CFE0E30006C0A8E /* Resources */ = {
			isa = PBXResourcesBuildPhase;
			buildActionMask = 2147483647;
			files = (
				550800A91D0BA24E0022E984 /* Chance_14.png in Resources */,
				550800951D0B81A40022E984 /* wonButton.png in Resources */,
				550800B61D0BA24E0022E984 /* Soul_15.png in Resources */,
				55B43D851D022440002CCE78 /* Mind_13.png in Resources */,
				550800B11D0BA24E0022E984 /* Mind_15.png in Resources */,
				5508008B1D08CFF30022E984 /* SIL Open Font License.txt in Resources */,
				55B43D8D1D022440002CCE78 /* Mind_5.png in Resources */,
				55B43D6E1D022440002CCE78 /* Soul_13.png in Resources */,
				55B43D741D022440002CCE78 /* Soul_6.png in Resources */,
				55B43D7E1D022440002CCE78 /* Body_8.png in Resources */,
				55B43D841D022440002CCE78 /* Body_1.png in Resources */,
				55B43D611D022440002CCE78 /* Chance_12.png in Resources */,
				550497F11D0F22060019F490 /* startButton.png in Resources */,
				55B43D881D022440002CCE78 /* Mind_10.png in Resources */,
				550800801D08A9A30022E984 /* rulesButton.png in Resources */,
				55B43D701D022440002CCE78 /* Soul_11.png in Resources */,
				55B43D8A1D022440002CCE78 /* Mind_8.png in Resources */,
				550800A81D0BA24E0022E984 /* Body_15.png in Resources */,
				55B43D711D022440002CCE78 /* Soul_9.png in Resources */,
				55B43D6C1D022440002CCE78 /* Chance_1.png in Resources */,
				550800AE1D0BA24E0022E984 /* Chance_19.png in Resources */,
				550800B01D0BA24E0022E984 /* Mind_14.png in Resources */,
				55B43D7A1D022440002CCE78 /* Body_12.png in Resources */,
				556F2A341D0BDD4400797FA5 /* backButton.png in Resources */,
				55B43D771D022440002CCE78 /* Soul_3.png in Resources */,
				550800941D0B81A40022E984 /* stealButton.png in Resources */,
				55B43D901D022440002CCE78 /* Mind_2.png in Resources */,
				55B43D751D022440002CCE78 /* Soul_5.png in Resources */,
				55B43D8C1D022440002CCE78 /* Mind_6.png in Resources */,
				550800B71D0BA24E0022E984 /* Soul_16.png in Resources */,
				550497F01D0F22060019F490 /* quickstartButton.png in Resources */,
				550800B31D0BA24E0022E984 /* Mind_17.png in Resources */,
				55B43D671D022440002CCE78 /* Chance_6.png in Resources */,
				55B43D7F1D022440002CCE78 /* Body_7.png in Resources */,
				550800811D08A9A30022E984 /* playButton.png in Resources */,
				550800B41D0BA24E0022E984 /* Mind_18.png in Resources */,
				55B43D641D022440002CCE78 /* Chance_9.png in Resources */,
				55B43D721D022440002CCE78 /* Soul_8.png in Resources */,
				55B43D5F1D022440002CCE78 /* Soul_10.png in Resources */,
				550800AF1D0BA24E0022E984 /* Chance_20.png in Resources */,
				5508008A1D08CFF30022E984 /* Lobster_1.3.otf in Resources */,
				55B43D821D022440002CCE78 /* Body_3.png in Resources */,
				55B43D651D022440002CCE78 /* Chance_8.png in Resources */,
				55B43D8F1D022440002CCE78 /* Mind_3.png in Resources */,
				550800AC1D0BA24E0022E984 /* Chance_17.png in Resources */,
				55B43D7D1D022440002CCE78 /* Body_9.png in Resources */,
				550800831D08C1400022E984 /* logo.png in Resources */,
				55B43D911D022440002CCE78 /* Mind_1.png in Resources */,
				55B43D681D022440002CCE78 /* Chance_5.png in Resources */,
				55B43D791D022440002CCE78 /* Body_13.png in Resources */,
				55B43D8E1D022440002CCE78 /* Mind_4.png in Resources */,
				55B43D761D022440002CCE78 /* Soul_4.png in Resources */,
				55B43D661D022440002CCE78 /* Chance_7.png in Resources */,
				55B43D781D022440002CCE78 /* Soul_2.png in Resources */,
				55B43D7C1D022440002CCE78 /* Body_10.png in Resources */,
				55B43D871D022440002CCE78 /* Mind_11.png in Resources */,
				55B43D801D022440002CCE78 /* Body_6.png in Resources */,
				550497EF1D0F22060019F490 /* addButton.png in Resources */,
				550800AA1D0BA24E0022E984 /* Chance_15.png in Resources */,
				550800AD1D0BA24E0022E984 /* Chance_18.png in Resources */,
				55B43D621D022440002CCE78 /* Chance_11.png in Resources */,
				55D3FB121CFE0E30006C0A8E /* LaunchScreen.storyboard in Resources */,
				550800A71D0BA24E0022E984 /* Body_14.png in Resources */,
				55B43D861D022440002CCE78 /* Mind_12.png in Resources */,
				55B43D691D022440002CCE78 /* Chance_4.png in Resources */,
				55B43D811D022440002CCE78 /* Body_5.png in Resources */,
				55B43D891D022440002CCE78 /* Mind_9.png in Resources */,
				55B43D5E1D022440002CCE78 /* Body_4.png in Resources */,
				550800B21D0BA24E0022E984 /* Mind_16.png in Resources */,
				55B43D6D1D022440002CCE78 /* Soul_1.png in Resources */,
				5508007F1D08A9A30022E984 /* cardsButton.png in Resources */,
				55B43D831D022440002CCE78 /* Body_2.png in Resources */,
				55B43CBE1D021C4F002CCE78 /* Game-of-Games-Cards-Default.csv in Resources */,
				550800931D0B81A40022E984 /* skipButton.png in Resources */,
				550800B51D0BA24E0022E984 /* Soul_14.png in Resources */,
				55B43D8B1D022440002CCE78 /* Mind_7.png in Resources */,
				55B43D7B1D022440002CCE78 /* Body_11.png in Resources */,
				55B43D6A1D022440002CCE78 /* Chance_3.png in Resources */,
				55B43D601D022440002CCE78 /* Chance_13.png in Resources */,
				550497F31D0F548A0019F490 /* shuffleButton.png in Resources */,
				55D3FB0F1CFE0E30006C0A8E /* Assets.xcassets in Resources */,
				55B43D731D022440002CCE78 /* Soul_7.png in Resources */,
				55B43D631D022440002CCE78 /* Chance_10.png in Resources */,
				55B43D6F1D022440002CCE78 /* Soul_12.png in Resources */,
				550800AB1D0BA24E0022E984 /* Chance_16.png in Resources */,
				556F2A351D0BDD4400797FA5 /* nextButton.png in Resources */,
				55D3FB0D1CFE0E30006C0A8E /* Main.storyboard in Resources */,
				55B43D6B1D022440002CCE78 /* Chance_2.png in Resources */,
				550800921D0B81A40022E984 /* failButton.png in Resources */,
			);
			runOnlyForDeploymentPostprocessing = 0;
		};
		55D3FB161CFE0E30006C0A8E /* Resources */ = {
			isa = PBXResourcesBuildPhase;
			buildActionMask = 2147483647;
			files = (
			);
			runOnlyForDeploymentPostprocessing = 0;
		};
		55D3FB211CFE0E30006C0A8E /* Resources */ = {
			isa = PBXResourcesBuildPhase;
			buildActionMask = 2147483647;
			files = (
			);
			runOnlyForDeploymentPostprocessing = 0;
		};
/* End PBXResourcesBuildPhase section */

/* Begin PBXShellScriptBuildPhase section */
		560A1A5B2ADE4985EA4A8E65 /* [CP] Copy Pods Resources */ = {
			isa = PBXShellScriptBuildPhase;
			buildActionMask = 2147483647;
			files = (
			);
			inputPaths = (
			);
			name = "[CP] Copy Pods Resources";
			outputPaths = (
			);
			runOnlyForDeploymentPostprocessing = 0;
			shellPath = /bin/sh;
			shellScript = "\"${SRCROOT}/Pods/Target Support Files/Pods-GameOfGamesUITests/Pods-GameOfGamesUITests-resources.sh\"\n";
			showEnvVarsInLog = 0;
		};
		7004B443609B7DBD45F9C6E2 /* [CP] Check Pods Manifest.lock */ = {
			isa = PBXShellScriptBuildPhase;
			buildActionMask = 2147483647;
			files = (
			);
			inputPaths = (
			);
			name = "[CP] Check Pods Manifest.lock";
			outputPaths = (
			);
			runOnlyForDeploymentPostprocessing = 0;
			shellPath = /bin/sh;
			shellScript = "diff \"${PODS_ROOT}/../Podfile.lock\" \"${PODS_ROOT}/Manifest.lock\" > /dev/null\nif [[ $? != 0 ]] ; then\n    cat << EOM\nerror: The sandbox is not in sync with the Podfile.lock. Run 'pod install' or update your CocoaPods installation.\nEOM\n    exit 1\nfi\n";
			showEnvVarsInLog = 0;
		};
		72DB76575145C834E6D5ABB9 /* [CP] Check Pods Manifest.lock */ = {
			isa = PBXShellScriptBuildPhase;
			buildActionMask = 2147483647;
			files = (
			);
			inputPaths = (
			);
			name = "[CP] Check Pods Manifest.lock";
			outputPaths = (
			);
			runOnlyForDeploymentPostprocessing = 0;
			shellPath = /bin/sh;
			shellScript = "diff \"${PODS_ROOT}/../Podfile.lock\" \"${PODS_ROOT}/Manifest.lock\" > /dev/null\nif [[ $? != 0 ]] ; then\n    cat << EOM\nerror: The sandbox is not in sync with the Podfile.lock. Run 'pod install' or update your CocoaPods installation.\nEOM\n    exit 1\nfi\n";
			showEnvVarsInLog = 0;
		};
		A791C3BCFEB383BCA38289CF /* [CP] Copy Pods Resources */ = {
			isa = PBXShellScriptBuildPhase;
			buildActionMask = 2147483647;
			files = (
			);
			inputPaths = (
			);
			name = "[CP] Copy Pods Resources";
			outputPaths = (
			);
			runOnlyForDeploymentPostprocessing = 0;
			shellPath = /bin/sh;
			shellScript = "\"${SRCROOT}/Pods/Target Support Files/Pods-GameOfGames/Pods-GameOfGames-resources.sh\"\n";
			showEnvVarsInLog = 0;
		};
		B90B63488DC47D3CD06295F2 /* [CP] Embed Pods Frameworks */ = {
			isa = PBXShellScriptBuildPhase;
			buildActionMask = 2147483647;
			files = (
			);
			inputPaths = (
			);
			name = "[CP] Embed Pods Frameworks";
			outputPaths = (
			);
			runOnlyForDeploymentPostprocessing = 0;
			shellPath = /bin/sh;
			shellScript = "\"${SRCROOT}/Pods/Target Support Files/Pods-GameOfGamesTests/Pods-GameOfGamesTests-frameworks.sh\"\n";
			showEnvVarsInLog = 0;
		};
		BDFDA8023D03F3C44AD3AA2C /* [CP] Embed Pods Frameworks */ = {
			isa = PBXShellScriptBuildPhase;
			buildActionMask = 2147483647;
			files = (
			);
			inputPaths = (
			);
			name = "[CP] Embed Pods Frameworks";
			outputPaths = (
			);
			runOnlyForDeploymentPostprocessing = 0;
			shellPath = /bin/sh;
			shellScript = "\"${SRCROOT}/Pods/Target Support Files/Pods-GameOfGames/Pods-GameOfGames-frameworks.sh\"\n";
			showEnvVarsInLog = 0;
		};
		DF449E1BF804747A1F4B0973 /* [CP] Check Pods Manifest.lock */ = {
			isa = PBXShellScriptBuildPhase;
			buildActionMask = 2147483647;
			files = (
			);
			inputPaths = (
			);
			name = "[CP] Check Pods Manifest.lock";
			outputPaths = (
			);
			runOnlyForDeploymentPostprocessing = 0;
			shellPath = /bin/sh;
			shellScript = "diff \"${PODS_ROOT}/../Podfile.lock\" \"${PODS_ROOT}/Manifest.lock\" > /dev/null\nif [[ $? != 0 ]] ; then\n    cat << EOM\nerror: The sandbox is not in sync with the Podfile.lock. Run 'pod install' or update your CocoaPods installation.\nEOM\n    exit 1\nfi\n";
			showEnvVarsInLog = 0;
		};
		EEBC6896634C2EF48DC3FFEC /* [CP] Copy Pods Resources */ = {
			isa = PBXShellScriptBuildPhase;
			buildActionMask = 2147483647;
			files = (
			);
			inputPaths = (
			);
			name = "[CP] Copy Pods Resources";
			outputPaths = (
			);
			runOnlyForDeploymentPostprocessing = 0;
			shellPath = /bin/sh;
			shellScript = "\"${SRCROOT}/Pods/Target Support Files/Pods-GameOfGamesTests/Pods-GameOfGamesTests-resources.sh\"\n";
			showEnvVarsInLog = 0;
		};
/* End PBXShellScriptBuildPhase section */

/* Begin PBXSourcesBuildPhase section */
		55D3FAFE1CFE0E30006C0A8E /* Sources */ = {
			isa = PBXSourcesBuildPhase;
			buildActionMask = 2147483647;
			files = (
				55D3FB3A1CFE4284006C0A8E /* Deck.swift in Sources */,
				55B43CB61D01F942002CCE78 /* QuickStartRandomTeamsViewController.swift in Sources */,
				55D3FB441CFF384A006C0A8E /* NamePlayersViewController.swift in Sources */,
				559ED99D1D0609E80040D36A /* ImageCollectionViewCell.swift in Sources */,
				55D3FB421CFE57E2006C0A8E /* DrawCardViewController.swift in Sources */,
				550800851D08C68E0022E984 /* UIHelper.swift in Sources */,
				55D3FB501CFFA3CD006C0A8E /* CheckCardsViewController.swift in Sources */,
				559ED9991D0607480040D36A /* WholeDeckViewController.swift in Sources */,
				55D2E5FA1CFFBA2E004768FE /* RoundRouletteViewController.swift in Sources */,
				55B43CBA1D020C6B002CCE78 /* HttpDownloader.swift in Sources */,
				55D3FB401CFE54F5006C0A8E /* PlayGameViewController.swift in Sources */,
				55D3FB061CFE0E30006C0A8E /* AppDelegate.swift in Sources */,
				55D3FB461CFF3DDB006C0A8E /* NameTeamsViewController.swift in Sources */,
				55D3FB4A1CFF4C64006C0A8E /* StartScreenViewController.swift in Sources */,
				55D3FB3E1CFE4D1C006C0A8E /* RandomizeTeamsViewController.swift in Sources */,
				55D3FB481CFF4525006C0A8E /* PlayOlympicsViewController.swift in Sources */,
				55D3FB381CFE4262006C0A8E /* Card.swift in Sources */,
				55B43CBC1D0210FE002CCE78 /* CardInfoViewController.swift in Sources */,
				55D3FB081CFE0E30006C0A8E /* NumberOfPlayersViewController.swift in Sources */,
				55B8310D1D03669D00F19A63 /* ChooseTeamOrderViewController.swift in Sources */,
				55D3FB361CFE3D62006C0A8E /* Game.swift in Sources */,
				55D7E0351D062581000D0B14 /* README.md in Sources */,
				55D3FB3C1CFE4B57006C0A8E /* extensions.swift in Sources */,
			);
			runOnlyForDeploymentPostprocessing = 0;
		};
		55D3FB141CFE0E30006C0A8E /* Sources */ = {
			isa = PBXSourcesBuildPhase;
			buildActionMask = 2147483647;
			files = (
				55D3FB1D1CFE0E30006C0A8E /* GameOfGamesTests.swift in Sources */,
			);
			runOnlyForDeploymentPostprocessing = 0;
		};
		55D3FB1F1CFE0E30006C0A8E /* Sources */ = {
			isa = PBXSourcesBuildPhase;
			buildActionMask = 2147483647;
			files = (
				55D3FB281CFE0E30006C0A8E /* GameOfGamesUITests.swift in Sources */,
			);
			runOnlyForDeploymentPostprocessing = 0;
		};
/* End PBXSourcesBuildPhase section */

/* Begin PBXTargetDependency section */
		55D3FB1A1CFE0E30006C0A8E /* PBXTargetDependency */ = {
			isa = PBXTargetDependency;
			target = 55D3FB011CFE0E30006C0A8E /* GameOfGames */;
			targetProxy = 55D3FB191CFE0E30006C0A8E /* PBXContainerItemProxy */;
		};
		55D3FB251CFE0E30006C0A8E /* PBXTargetDependency */ = {
			isa = PBXTargetDependency;
			target = 55D3FB011CFE0E30006C0A8E /* GameOfGames */;
			targetProxy = 55D3FB241CFE0E30006C0A8E /* PBXContainerItemProxy */;
		};
/* End PBXTargetDependency section */

/* Begin PBXVariantGroup section */
		55D3FB0B1CFE0E30006C0A8E /* Main.storyboard */ = {
			isa = PBXVariantGroup;
			children = (
				55D3FB0C1CFE0E30006C0A8E /* Base */,
			);
			name = Main.storyboard;
			sourceTree = "<group>";
		};
		55D3FB101CFE0E30006C0A8E /* LaunchScreen.storyboard */ = {
			isa = PBXVariantGroup;
			children = (
				55D3FB111CFE0E30006C0A8E /* Base */,
			);
			name = LaunchScreen.storyboard;
			sourceTree = "<group>";
		};
/* End PBXVariantGroup section */

/* Begin XCBuildConfiguration section */
		55D3FB2A1CFE0E30006C0A8E /* Debug */ = {
			isa = XCBuildConfiguration;
			buildSettings = {
				ALWAYS_SEARCH_USER_PATHS = NO;
				CLANG_ANALYZER_NONNULL = YES;
				CLANG_CXX_LANGUAGE_STANDARD = "gnu++0x";
				CLANG_CXX_LIBRARY = "libc++";
				CLANG_ENABLE_MODULES = YES;
				CLANG_ENABLE_OBJC_ARC = YES;
				CLANG_WARN_BOOL_CONVERSION = YES;
				CLANG_WARN_CONSTANT_CONVERSION = YES;
				CLANG_WARN_DIRECT_OBJC_ISA_USAGE = YES_ERROR;
				CLANG_WARN_EMPTY_BODY = YES;
				CLANG_WARN_ENUM_CONVERSION = YES;
				CLANG_WARN_INT_CONVERSION = YES;
				CLANG_WARN_OBJC_ROOT_CLASS = YES_ERROR;
				CLANG_WARN_UNREACHABLE_CODE = YES;
				CLANG_WARN__DUPLICATE_METHOD_MATCH = YES;
				"CODE_SIGN_IDENTITY[sdk=iphoneos*]" = "iPhone Developer";
				COPY_PHASE_STRIP = NO;
				DEBUG_INFORMATION_FORMAT = dwarf;
				ENABLE_STRICT_OBJC_MSGSEND = YES;
				ENABLE_TESTABILITY = YES;
				GCC_C_LANGUAGE_STANDARD = gnu99;
				GCC_DYNAMIC_NO_PIC = NO;
				GCC_NO_COMMON_BLOCKS = YES;
				GCC_OPTIMIZATION_LEVEL = 0;
				GCC_PREPROCESSOR_DEFINITIONS = (
					"DEBUG=1",
					"$(inherited)",
				);
				GCC_WARN_64_TO_32_BIT_CONVERSION = YES;
				GCC_WARN_ABOUT_RETURN_TYPE = YES_ERROR;
				GCC_WARN_UNDECLARED_SELECTOR = YES;
				GCC_WARN_UNINITIALIZED_AUTOS = YES_AGGRESSIVE;
				GCC_WARN_UNUSED_FUNCTION = YES;
				GCC_WARN_UNUSED_VARIABLE = YES;
				IPHONEOS_DEPLOYMENT_TARGET = 9.3;
				MTL_ENABLE_DEBUG_INFO = YES;
				ONLY_ACTIVE_ARCH = YES;
				SDKROOT = iphoneos;
				SWIFT_OPTIMIZATION_LEVEL = "-Onone";
				TARGETED_DEVICE_FAMILY = "1,2";
			};
			name = Debug;
		};
		55D3FB2B1CFE0E30006C0A8E /* Release */ = {
			isa = XCBuildConfiguration;
			buildSettings = {
				ALWAYS_SEARCH_USER_PATHS = NO;
				CLANG_ANALYZER_NONNULL = YES;
				CLANG_CXX_LANGUAGE_STANDARD = "gnu++0x";
				CLANG_CXX_LIBRARY = "libc++";
				CLANG_ENABLE_MODULES = YES;
				CLANG_ENABLE_OBJC_ARC = YES;
				CLANG_WARN_BOOL_CONVERSION = YES;
				CLANG_WARN_CONSTANT_CONVERSION = YES;
				CLANG_WARN_DIRECT_OBJC_ISA_USAGE = YES_ERROR;
				CLANG_WARN_EMPTY_BODY = YES;
				CLANG_WARN_ENUM_CONVERSION = YES;
				CLANG_WARN_INT_CONVERSION = YES;
				CLANG_WARN_OBJC_ROOT_CLASS = YES_ERROR;
				CLANG_WARN_UNREACHABLE_CODE = YES;
				CLANG_WARN__DUPLICATE_METHOD_MATCH = YES;
				"CODE_SIGN_IDENTITY[sdk=iphoneos*]" = "iPhone Developer";
				COPY_PHASE_STRIP = NO;
				DEBUG_INFORMATION_FORMAT = "dwarf-with-dsym";
				ENABLE_NS_ASSERTIONS = NO;
				ENABLE_STRICT_OBJC_MSGSEND = YES;
				GCC_C_LANGUAGE_STANDARD = gnu99;
				GCC_NO_COMMON_BLOCKS = YES;
				GCC_WARN_64_TO_32_BIT_CONVERSION = YES;
				GCC_WARN_ABOUT_RETURN_TYPE = YES_ERROR;
				GCC_WARN_UNDECLARED_SELECTOR = YES;
				GCC_WARN_UNINITIALIZED_AUTOS = YES_AGGRESSIVE;
				GCC_WARN_UNUSED_FUNCTION = YES;
				GCC_WARN_UNUSED_VARIABLE = YES;
				IPHONEOS_DEPLOYMENT_TARGET = 9.3;
				MTL_ENABLE_DEBUG_INFO = NO;
				SDKROOT = iphoneos;
				TARGETED_DEVICE_FAMILY = "1,2";
				VALIDATE_PRODUCT = YES;
			};
			name = Release;
		};
		55D3FB2D1CFE0E30006C0A8E /* Debug */ = {
			isa = XCBuildConfiguration;
			baseConfigurationReference = F47F141C021327A998122A31 /* Pods-GameOfGames.debug.xcconfig */;
			buildSettings = {
				ASSETCATALOG_COMPILER_APPICON_NAME = AppIcon;
				CODE_SIGN_IDENTITY = "iPhone Developer";
				INFOPLIST_FILE = GameOfGames/Info.plist;
				IPHONEOS_DEPLOYMENT_TARGET = 8.0;
				LD_RUNPATH_SEARCH_PATHS = "$(inherited) @executable_path/Frameworks";
				PRODUCT_BUNDLE_IDENTIFIER = michael.GameOfGames;
				PRODUCT_NAME = "$(TARGET_NAME)";
			};
			name = Debug;
		};
		55D3FB2E1CFE0E30006C0A8E /* Release */ = {
			isa = XCBuildConfiguration;
			baseConfigurationReference = 564313C2567F5252F87386A4 /* Pods-GameOfGames.release.xcconfig */;
			buildSettings = {
				ASSETCATALOG_COMPILER_APPICON_NAME = AppIcon;
				CODE_SIGN_IDENTITY = "iPhone Developer";
				INFOPLIST_FILE = GameOfGames/Info.plist;
				IPHONEOS_DEPLOYMENT_TARGET = 8.0;
				LD_RUNPATH_SEARCH_PATHS = "$(inherited) @executable_path/Frameworks";
				PRODUCT_BUNDLE_IDENTIFIER = michael.GameOfGames;
				PRODUCT_NAME = "$(TARGET_NAME)";
			};
			name = Release;
		};
		55D3FB301CFE0E30006C0A8E /* Debug */ = {
			isa = XCBuildConfiguration;
			baseConfigurationReference = 955504E0F32B68FF60869A52 /* Pods-GameOfGamesTests.debug.xcconfig */;
			buildSettings = {
				BUNDLE_LOADER = "$(TEST_HOST)";
				INFOPLIST_FILE = GameOfGamesTests/Info.plist;
				LD_RUNPATH_SEARCH_PATHS = "$(inherited) @executable_path/Frameworks @loader_path/Frameworks";
				PRODUCT_BUNDLE_IDENTIFIER = michael.GameOfGamesTests;
				PRODUCT_NAME = "$(TARGET_NAME)";
				TEST_HOST = "$(BUILT_PRODUCTS_DIR)/GameOfGames.app/GameOfGames";
			};
			name = Debug;
		};
		55D3FB311CFE0E30006C0A8E /* Release */ = {
			isa = XCBuildConfiguration;
			baseConfigurationReference = C8B1BA92CDE764BFA446E69E /* Pods-GameOfGamesTests.release.xcconfig */;
			buildSettings = {
				BUNDLE_LOADER = "$(TEST_HOST)";
				INFOPLIST_FILE = GameOfGamesTests/Info.plist;
				LD_RUNPATH_SEARCH_PATHS = "$(inherited) @executable_path/Frameworks @loader_path/Frameworks";
				PRODUCT_BUNDLE_IDENTIFIER = michael.GameOfGamesTests;
				PRODUCT_NAME = "$(TARGET_NAME)";
				TEST_HOST = "$(BUILT_PRODUCTS_DIR)/GameOfGames.app/GameOfGames";
			};
			name = Release;
		};
		55D3FB331CFE0E30006C0A8E /* Debug */ = {
			isa = XCBuildConfiguration;
			baseConfigurationReference = 359A5726D33F5D1696397CBA /* Pods-GameOfGamesUITests.debug.xcconfig */;
			buildSettings = {
				INFOPLIST_FILE = GameOfGamesUITests/Info.plist;
				LD_RUNPATH_SEARCH_PATHS = "$(inherited) @executable_path/Frameworks @loader_path/Frameworks";
				PRODUCT_BUNDLE_IDENTIFIER = michael.GameOfGamesUITests;
				PRODUCT_NAME = "$(TARGET_NAME)";
				TEST_TARGET_NAME = GameOfGames;
			};
			name = Debug;
		};
		55D3FB341CFE0E30006C0A8E /* Release */ = {
			isa = XCBuildConfiguration;
			baseConfigurationReference = 22CFCD7B1E0B9FDF190231CA /* Pods-GameOfGamesUITests.release.xcconfig */;
			buildSettings = {
				INFOPLIST_FILE = GameOfGamesUITests/Info.plist;
				LD_RUNPATH_SEARCH_PATHS = "$(inherited) @executable_path/Frameworks @loader_path/Frameworks";
				PRODUCT_BUNDLE_IDENTIFIER = michael.GameOfGamesUITests;
				PRODUCT_NAME = "$(TARGET_NAME)";
				TEST_TARGET_NAME = GameOfGames;
			};
			name = Release;
		};
/* End XCBuildConfiguration section */

/* Begin XCConfigurationList section */
		55D3FAFD1CFE0E30006C0A8E /* Build configuration list for PBXProject "GameOfGames" */ = {
			isa = XCConfigurationList;
			buildConfigurations = (
				55D3FB2A1CFE0E30006C0A8E /* Debug */,
				55D3FB2B1CFE0E30006C0A8E /* Release */,
			);
			defaultConfigurationIsVisible = 0;
			defaultConfigurationName = Release;
		};
		55D3FB2C1CFE0E30006C0A8E /* Build configuration list for PBXNativeTarget "GameOfGames" */ = {
			isa = XCConfigurationList;
			buildConfigurations = (
				55D3FB2D1CFE0E30006C0A8E /* Debug */,
				55D3FB2E1CFE0E30006C0A8E /* Release */,
			);
			defaultConfigurationIsVisible = 0;
			defaultConfigurationName = Release;
		};
		55D3FB2F1CFE0E30006C0A8E /* Build configuration list for PBXNativeTarget "GameOfGamesTests" */ = {
			isa = XCConfigurationList;
			buildConfigurations = (
				55D3FB301CFE0E30006C0A8E /* Debug */,
				55D3FB311CFE0E30006C0A8E /* Release */,
			);
			defaultConfigurationIsVisible = 0;
			defaultConfigurationName = Release;
		};
		55D3FB321CFE0E30006C0A8E /* Build configuration list for PBXNativeTarget "GameOfGamesUITests" */ = {
			isa = XCConfigurationList;
			buildConfigurations = (
				55D3FB331CFE0E30006C0A8E /* Debug */,
				55D3FB341CFE0E30006C0A8E /* Release */,
			);
			defaultConfigurationIsVisible = 0;
			defaultConfigurationName = Release;
		};
/* End XCConfigurationList section */
	};
	rootObject = 55D3FAFA1CFE0E30006C0A8E /* Project object */;
}
